// !$*UTF8*$!
{
	archiveVersion = 1;
	classes = {
	};
	objectVersion = 56;
	objects = {

/* Begin PBXBuildFile section */
		3DD6664B95C65668E07C6012 /* Pods_CaptureVue.framework in Frameworks */ = {isa = PBXBuildFile; fileRef = C9A6560C7CC0D1F8822ACF60 /* Pods_CaptureVue.framework */; };
		F966BA652CBD91B6000863F2 /* FirebaseAnalytics in Frameworks */ = {isa = PBXBuildFile; productRef = F966BA642CBD91B6000863F2 /* FirebaseAnalytics */; };
		F966BA672CBD91B6000863F2 /* FirebaseCrashlytics in Frameworks */ = {isa = PBXBuildFile; productRef = F966BA662CBD91B6000863F2 /* FirebaseCrashlytics */; };
		F9995E8D2CBC4DB100909E85 /* GoogleService-Info.plist in Resources */ = {isa = PBXBuildFile; fileRef = F9995E8C2CBC4DB100909E85 /* GoogleService-Info.plist */; };
		F9995E8E2CBC4DB100909E85 /* GoogleService-Info.plist in Resources */ = {isa = PBXBuildFile; fileRef = F9995E8C2CBC4DB100909E85 /* GoogleService-Info.plist */; };
		F9A561E62CB5BD5E00634C7A /* CaptureVueApp.swift in Sources */ = {isa = PBXBuildFile; fileRef = F9A561E52CB5BD5E00634C7A /* CaptureVueApp.swift */; };
		F9A561E82CB5BD5E00634C7A /* ContentView.swift in Sources */ = {isa = PBXBuildFile; fileRef = F9A561E72CB5BD5E00634C7A /* ContentView.swift */; };
		F9A561EA2CB5BD6000634C7A /* Assets.xcassets in Resources */ = {isa = PBXBuildFile; fileRef = F9A561E92CB5BD6000634C7A /* Assets.xcassets */; };
		F9A561ED2CB5BD6000634C7A /* Preview Assets.xcassets in Resources */ = {isa = PBXBuildFile; fileRef = F9A561EC2CB5BD6000634C7A /* Preview Assets.xcassets */; };
		F9A561F52CB5C34E00634C7A /* SwiftfulRouting in Frameworks */ = {isa = PBXBuildFile; productRef = F9A561F42CB5C34E00634C7A /* SwiftfulRouting */; };
		F9A562192CB716C300634C7A /* Ubuntu-Regular.ttf in Resources */ = {isa = PBXBuildFile; fileRef = F9A562172CB714EE00634C7A /* Ubuntu-Regular.ttf */; };
		F9A5621A2CB716C500634C7A /* Ubuntu-Medium.ttf in Resources */ = {isa = PBXBuildFile; fileRef = F9A562182CB714EE00634C7A /* Ubuntu-Medium.ttf */; };
		F9A5621B2CB716C800634C7A /* Ubuntu-Light.ttf in Resources */ = {isa = PBXBuildFile; fileRef = F9A562162CB714EE00634C7A /* Ubuntu-Light.ttf */; };
		F9A5621C2CB716CB00634C7A /* Ubuntu-Bold.ttf in Resources */ = {isa = PBXBuildFile; fileRef = F9A562152CB714EE00634C7A /* Ubuntu-Bold.ttf */; };
		F9A5622A2CB71ADC00634C7A /* swiftgen.yml in Resources */ = {isa = PBXBuildFile; fileRef = F9A562292CB71ADC00634C7A /* swiftgen.yml */; };
		F9A5622E2CB71B0500634C7A /* Assets.swift in Sources */ = {isa = PBXBuildFile; fileRef = F9A5622C2CB71B0500634C7A /* Assets.swift */; };
		F9A5622F2CB71B0500634C7A /* Fonts.swift in Sources */ = {isa = PBXBuildFile; fileRef = F9A5622D2CB71B0500634C7A /* Fonts.swift */; };
		F9A562322CB71CDC00634C7A /* Typography.swift in Sources */ = {isa = PBXBuildFile; fileRef = F9A562312CB71CDC00634C7A /* Typography.swift */; };
		F9A562362CB72E6E00634C7A /* Localizable.strings in Resources */ = {isa = PBXBuildFile; fileRef = F9A562382CB72E6E00634C7A /* Localizable.strings */; };
		F9A5623B2CB72F4F00634C7A /* Strings.swift in Sources */ = {isa = PBXBuildFile; fileRef = F9A5623A2CB72F4F00634C7A /* Strings.swift */; };
		F9A5623E2CBA8D5A00634C7A /* SplashScreen.swift in Sources */ = {isa = PBXBuildFile; fileRef = F9A5623D2CBA8D5A00634C7A /* SplashScreen.swift */; };
		F9A562442CBABA4200634C7A /* SplashPresenter.swift in Sources */ = {isa = PBXBuildFile; fileRef = F9A562432CBABA4200634C7A /* SplashPresenter.swift */; };
		F9A562462CBABA6000634C7A /* SplashInteractor.swift in Sources */ = {isa = PBXBuildFile; fileRef = F9A562452CBABA6000634C7A /* SplashInteractor.swift */; };
		F9A562482CBABA7A00634C7A /* SplashRouter.swift in Sources */ = {isa = PBXBuildFile; fileRef = F9A562472CBABA7A00634C7A /* SplashRouter.swift */; };
		F9A5624A2CBABD1900634C7A /* DataService.swift in Sources */ = {isa = PBXBuildFile; fileRef = F9A562492CBABD1900634C7A /* DataService.swift */; };
		F9A562522CBB9DDD00634C7A /* CaptureVueAppClipApp.swift in Sources */ = {isa = PBXBuildFile; fileRef = F9A562512CBB9DDD00634C7A /* CaptureVueAppClipApp.swift */; };
		F9A562542CBB9DDD00634C7A /* ContentView.swift in Sources */ = {isa = PBXBuildFile; fileRef = F9A562532CBB9DDD00634C7A /* ContentView.swift */; };
		F9A562562CBB9DDF00634C7A /* Assets.xcassets in Resources */ = {isa = PBXBuildFile; fileRef = F9A562552CBB9DDF00634C7A /* Assets.xcassets */; };
		F9A562592CBB9DDF00634C7A /* Preview Assets.xcassets in Resources */ = {isa = PBXBuildFile; fileRef = F9A562582CBB9DDF00634C7A /* Preview Assets.xcassets */; };
		F9A5625E2CBB9DDF00634C7A /* CaptureVueAppClip.app in Embed App Clips */ = {isa = PBXBuildFile; fileRef = F9A5624F2CBB9DDD00634C7A /* CaptureVueAppClip.app */; settings = {ATTRIBUTES = (RemoveHeadersOnCopy, ); }; };
/* End PBXBuildFile section */

/* Begin PBXContainerItemProxy section */
		F9A5625C2CBB9DDF00634C7A /* PBXContainerItemProxy */ = {
			isa = PBXContainerItemProxy;
			containerPortal = F9A561DA2CB5BD5E00634C7A /* Project object */;
			proxyType = 1;
			remoteGlobalIDString = F9A5624E2CBB9DDD00634C7A;
			remoteInfo = CaptureVueAppClip;
		};
/* End PBXContainerItemProxy section */

/* Begin PBXCopyFilesBuildPhase section */
		F9A562622CBB9DDF00634C7A /* Embed App Clips */ = {
			isa = PBXCopyFilesBuildPhase;
			buildActionMask = 2147483647;
			dstPath = "$(CONTENTS_FOLDER_PATH)/AppClips";
			dstSubfolderSpec = 16;
			files = (
				F9A5625E2CBB9DDF00634C7A /* CaptureVueAppClip.app in Embed App Clips */,
			);
			name = "Embed App Clips";
			runOnlyForDeploymentPostprocessing = 0;
		};
/* End PBXCopyFilesBuildPhase section */

/* Begin PBXFileReference section */
		62C717BC74FED4716BC578A3 /* Pods-CaptureVue.release.xcconfig */ = {isa = PBXFileReference; includeInIndex = 1; lastKnownFileType = text.xcconfig; name = "Pods-CaptureVue.release.xcconfig"; path = "Target Support Files/Pods-CaptureVue/Pods-CaptureVue.release.xcconfig"; sourceTree = "<group>"; };
		8AB11C2F5B7270D2D97E5BE8 /* Pods-CaptureVue.debug.xcconfig */ = {isa = PBXFileReference; includeInIndex = 1; lastKnownFileType = text.xcconfig; name = "Pods-CaptureVue.debug.xcconfig"; path = "Target Support Files/Pods-CaptureVue/Pods-CaptureVue.debug.xcconfig"; sourceTree = "<group>"; };
		C9A6560C7CC0D1F8822ACF60 /* Pods_CaptureVue.framework */ = {isa = PBXFileReference; explicitFileType = wrapper.framework; includeInIndex = 0; path = Pods_CaptureVue.framework; sourceTree = BUILT_PRODUCTS_DIR; };
		F9995E8C2CBC4DB100909E85 /* GoogleService-Info.plist */ = {isa = PBXFileReference; lastKnownFileType = text.plist.xml; path = "GoogleService-Info.plist"; sourceTree = "<group>"; };
		F9A561E22CB5BD5E00634C7A /* CaptureVue.app */ = {isa = PBXFileReference; explicitFileType = wrapper.application; includeInIndex = 0; path = CaptureVue.app; sourceTree = BUILT_PRODUCTS_DIR; };
		F9A561E52CB5BD5E00634C7A /* CaptureVueApp.swift */ = {isa = PBXFileReference; lastKnownFileType = sourcecode.swift; path = CaptureVueApp.swift; sourceTree = "<group>"; };
		F9A561E72CB5BD5E00634C7A /* ContentView.swift */ = {isa = PBXFileReference; lastKnownFileType = sourcecode.swift; path = ContentView.swift; sourceTree = "<group>"; };
		F9A561E92CB5BD6000634C7A /* Assets.xcassets */ = {isa = PBXFileReference; lastKnownFileType = folder.assetcatalog; path = Assets.xcassets; sourceTree = "<group>"; };
		F9A561EC2CB5BD6000634C7A /* Preview Assets.xcassets */ = {isa = PBXFileReference; lastKnownFileType = folder.assetcatalog; path = "Preview Assets.xcassets"; sourceTree = "<group>"; };
		F9A562102CB711E700634C7A /* Info.plist */ = {isa = PBXFileReference; lastKnownFileType = text.plist; path = Info.plist; sourceTree = "<group>"; };
		F9A562152CB714EE00634C7A /* Ubuntu-Bold.ttf */ = {isa = PBXFileReference; lastKnownFileType = file; path = "Ubuntu-Bold.ttf"; sourceTree = "<group>"; };
		F9A562162CB714EE00634C7A /* Ubuntu-Light.ttf */ = {isa = PBXFileReference; lastKnownFileType = file; path = "Ubuntu-Light.ttf"; sourceTree = "<group>"; };
		F9A562172CB714EE00634C7A /* Ubuntu-Regular.ttf */ = {isa = PBXFileReference; lastKnownFileType = file; path = "Ubuntu-Regular.ttf"; sourceTree = "<group>"; };
		F9A562182CB714EE00634C7A /* Ubuntu-Medium.ttf */ = {isa = PBXFileReference; lastKnownFileType = file; path = "Ubuntu-Medium.ttf"; sourceTree = "<group>"; };
		F9A562292CB71ADC00634C7A /* swiftgen.yml */ = {isa = PBXFileReference; fileEncoding = 4; lastKnownFileType = text.yaml; path = swiftgen.yml; sourceTree = "<group>"; };
		F9A5622C2CB71B0500634C7A /* Assets.swift */ = {isa = PBXFileReference; fileEncoding = 4; lastKnownFileType = sourcecode.swift; path = Assets.swift; sourceTree = "<group>"; };
		F9A5622D2CB71B0500634C7A /* Fonts.swift */ = {isa = PBXFileReference; fileEncoding = 4; lastKnownFileType = sourcecode.swift; path = Fonts.swift; sourceTree = "<group>"; };
		F9A562312CB71CDC00634C7A /* Typography.swift */ = {isa = PBXFileReference; lastKnownFileType = sourcecode.swift; path = Typography.swift; sourceTree = "<group>"; };
		F9A562372CB72E6E00634C7A /* en */ = {isa = PBXFileReference; lastKnownFileType = text.plist.strings; name = en; path = en.lproj/Localizable.strings; sourceTree = "<group>"; };
		F9A562392CB72E7200634C7A /* el */ = {isa = PBXFileReference; lastKnownFileType = text.plist.strings; name = el; path = el.lproj/Localizable.strings; sourceTree = "<group>"; };
		F9A5623A2CB72F4F00634C7A /* Strings.swift */ = {isa = PBXFileReference; fileEncoding = 4; lastKnownFileType = sourcecode.swift; path = Strings.swift; sourceTree = "<group>"; };
		F9A5623D2CBA8D5A00634C7A /* SplashScreen.swift */ = {isa = PBXFileReference; lastKnownFileType = sourcecode.swift; path = SplashScreen.swift; sourceTree = "<group>"; };
		F9A562432CBABA4200634C7A /* SplashPresenter.swift */ = {isa = PBXFileReference; lastKnownFileType = sourcecode.swift; path = SplashPresenter.swift; sourceTree = "<group>"; };
		F9A562452CBABA6000634C7A /* SplashInteractor.swift */ = {isa = PBXFileReference; lastKnownFileType = sourcecode.swift; path = SplashInteractor.swift; sourceTree = "<group>"; };
		F9A562472CBABA7A00634C7A /* SplashRouter.swift */ = {isa = PBXFileReference; lastKnownFileType = sourcecode.swift; path = SplashRouter.swift; sourceTree = "<group>"; };
		F9A562492CBABD1900634C7A /* DataService.swift */ = {isa = PBXFileReference; lastKnownFileType = sourcecode.swift; path = DataService.swift; sourceTree = "<group>"; };
		F9A5624F2CBB9DDD00634C7A /* CaptureVueAppClip.app */ = {isa = PBXFileReference; explicitFileType = wrapper.application; includeInIndex = 0; path = CaptureVueAppClip.app; sourceTree = BUILT_PRODUCTS_DIR; };
		F9A562512CBB9DDD00634C7A /* CaptureVueAppClipApp.swift */ = {isa = PBXFileReference; lastKnownFileType = sourcecode.swift; path = CaptureVueAppClipApp.swift; sourceTree = "<group>"; };
		F9A562532CBB9DDD00634C7A /* ContentView.swift */ = {isa = PBXFileReference; lastKnownFileType = sourcecode.swift; path = ContentView.swift; sourceTree = "<group>"; };
		F9A562552CBB9DDF00634C7A /* Assets.xcassets */ = {isa = PBXFileReference; lastKnownFileType = folder.assetcatalog; path = Assets.xcassets; sourceTree = "<group>"; };
		F9A562582CBB9DDF00634C7A /* Preview Assets.xcassets */ = {isa = PBXFileReference; lastKnownFileType = folder.assetcatalog; path = "Preview Assets.xcassets"; sourceTree = "<group>"; };
		F9A5625A2CBB9DDF00634C7A /* Info.plist */ = {isa = PBXFileReference; lastKnownFileType = text.plist.xml; path = Info.plist; sourceTree = "<group>"; };
		F9A5625B2CBB9DDF00634C7A /* CaptureVueAppClip.entitlements */ = {isa = PBXFileReference; lastKnownFileType = text.plist.entitlements; path = CaptureVueAppClip.entitlements; sourceTree = "<group>"; };
/* End PBXFileReference section */

/* Begin PBXFrameworksBuildPhase section */
		F9A561DF2CB5BD5E00634C7A /* Frameworks */ = {
			isa = PBXFrameworksBuildPhase;
			buildActionMask = 2147483647;
			files = (
				F9A561F52CB5C34E00634C7A /* SwiftfulRouting in Frameworks */,
				F966BA672CBD91B6000863F2 /* FirebaseCrashlytics in Frameworks */,
				3DD6664B95C65668E07C6012 /* Pods_CaptureVue.framework in Frameworks */,
				F966BA652CBD91B6000863F2 /* FirebaseAnalytics in Frameworks */,
			);
			runOnlyForDeploymentPostprocessing = 0;
		};
		F9A5624C2CBB9DDD00634C7A /* Frameworks */ = {
			isa = PBXFrameworksBuildPhase;
			buildActionMask = 2147483647;
			files = (
			);
			runOnlyForDeploymentPostprocessing = 0;
		};
/* End PBXFrameworksBuildPhase section */

/* Begin PBXGroup section */
		179285FA11B373990493C867 /* Frameworks */ = {
			isa = PBXGroup;
			children = (
				C9A6560C7CC0D1F8822ACF60 /* Pods_CaptureVue.framework */,
			);
			name = Frameworks;
			sourceTree = "<group>";
		};
		43D61A224B7B74C52C56E12C /* Pods */ = {
			isa = PBXGroup;
			children = (
				8AB11C2F5B7270D2D97E5BE8 /* Pods-CaptureVue.debug.xcconfig */,
				62C717BC74FED4716BC578A3 /* Pods-CaptureVue.release.xcconfig */,
			);
			path = Pods;
			sourceTree = "<group>";
		};
		F9A561D92CB5BD5E00634C7A = {
			isa = PBXGroup;
			children = (
				F9A5622B2CB71B0500634C7A /* Generated */,
				F9A562292CB71ADC00634C7A /* swiftgen.yml */,
				F9A561E42CB5BD5E00634C7A /* CaptureVue */,
				F9A561E32CB5BD5E00634C7A /* Products */,
				43D61A224B7B74C52C56E12C /* Pods */,
				F9A562502CBB9DDD00634C7A /* CaptureVueAppClip */,
				179285FA11B373990493C867 /* Frameworks */,
			);
			sourceTree = "<group>";
		};
		F9A561E32CB5BD5E00634C7A /* Products */ = {
			isa = PBXGroup;
			children = (
				F9A561E22CB5BD5E00634C7A /* CaptureVue.app */,
				F9A5624F2CBB9DDD00634C7A /* CaptureVueAppClip.app */,
			);
			name = Products;
			sourceTree = "<group>";
		};
		F9A561E42CB5BD5E00634C7A /* CaptureVue */ = {
			isa = PBXGroup;
			children = (
				F9A562332CB72E3100634C7A /* Strings */,
				F9A562302CB71CCC00634C7A /* Theme */,
				F9A5620B2CB7116C00634C7A /* Fonts */,
				F9A5623C2CBA8D1000634C7A /* Screens */,
				F9A561E52CB5BD5E00634C7A /* CaptureVueApp.swift */,
				F9A561E72CB5BD5E00634C7A /* ContentView.swift */,
				F9A561E92CB5BD6000634C7A /* Assets.xcassets */,
				F9A562102CB711E700634C7A /* Info.plist */,
				F9995E8C2CBC4DB100909E85 /* GoogleService-Info.plist */,
				F9A561EB2CB5BD6000634C7A /* Preview Content */,
				F9A562492CBABD1900634C7A /* DataService.swift */,
			);
			path = CaptureVue;
			sourceTree = "<group>";
		};
		F9A561EB2CB5BD6000634C7A /* Preview Content */ = {
			isa = PBXGroup;
			children = (
				F9A561EC2CB5BD6000634C7A /* Preview Assets.xcassets */,
			);
			path = "Preview Content";
			sourceTree = "<group>";
		};
		F9A5620B2CB7116C00634C7A /* Fonts */ = {
			isa = PBXGroup;
			children = (
				F9A562152CB714EE00634C7A /* Ubuntu-Bold.ttf */,
				F9A562162CB714EE00634C7A /* Ubuntu-Light.ttf */,
				F9A562182CB714EE00634C7A /* Ubuntu-Medium.ttf */,
				F9A562172CB714EE00634C7A /* Ubuntu-Regular.ttf */,
			);
			path = Fonts;
			sourceTree = "<group>";
		};
		F9A5622B2CB71B0500634C7A /* Generated */ = {
			isa = PBXGroup;
			children = (
				F9A5622C2CB71B0500634C7A /* Assets.swift */,
				F9A5622D2CB71B0500634C7A /* Fonts.swift */,
				F9A5623A2CB72F4F00634C7A /* Strings.swift */,
			);
			path = Generated;
			sourceTree = "<group>";
		};
		F9A562302CB71CCC00634C7A /* Theme */ = {
			isa = PBXGroup;
			children = (
				F9A562312CB71CDC00634C7A /* Typography.swift */,
			);
			path = Theme;
			sourceTree = "<group>";
		};
		F9A562332CB72E3100634C7A /* Strings */ = {
			isa = PBXGroup;
			children = (
				F9A562382CB72E6E00634C7A /* Localizable.strings */,
			);
			path = Strings;
			sourceTree = "<group>";
		};
		F9A5623C2CBA8D1000634C7A /* Screens */ = {
			isa = PBXGroup;
			children = (
				F9A5623F2CBA8D6400634C7A /* Splash */,
			);
			path = Screens;
			sourceTree = "<group>";
		};
		F9A5623F2CBA8D6400634C7A /* Splash */ = {
			isa = PBXGroup;
			children = (
				F9A5623D2CBA8D5A00634C7A /* SplashScreen.swift */,
				F9A562432CBABA4200634C7A /* SplashPresenter.swift */,
				F9A562452CBABA6000634C7A /* SplashInteractor.swift */,
				F9A562472CBABA7A00634C7A /* SplashRouter.swift */,
			);
			path = Splash;
			sourceTree = "<group>";
		};
		F9A562502CBB9DDD00634C7A /* CaptureVueAppClip */ = {
			isa = PBXGroup;
			children = (
				F9A562512CBB9DDD00634C7A /* CaptureVueAppClipApp.swift */,
				F9A562532CBB9DDD00634C7A /* ContentView.swift */,
				F9A562552CBB9DDF00634C7A /* Assets.xcassets */,
				F9A5625A2CBB9DDF00634C7A /* Info.plist */,
				F9A5625B2CBB9DDF00634C7A /* CaptureVueAppClip.entitlements */,
				F9A562572CBB9DDF00634C7A /* Preview Content */,
			);
			path = CaptureVueAppClip;
			sourceTree = "<group>";
		};
		F9A562572CBB9DDF00634C7A /* Preview Content */ = {
			isa = PBXGroup;
			children = (
				F9A562582CBB9DDF00634C7A /* Preview Assets.xcassets */,
			);
			path = "Preview Content";
			sourceTree = "<group>";
		};
/* End PBXGroup section */

/* Begin PBXNativeTarget section */
		F9A561E12CB5BD5E00634C7A /* CaptureVue */ = {
			isa = PBXNativeTarget;
			buildConfigurationList = F9A561F02CB5BD6000634C7A /* Build configuration list for PBXNativeTarget "CaptureVue" */;
			buildPhases = (
				29EFF281DE73DC741EFFF045 /* [CP] Check Pods Manifest.lock */,
				F9A561F62CB5D49F00634C7A /* SwiftGen */,
				F9A561DE2CB5BD5E00634C7A /* Sources */,
				F9A561DF2CB5BD5E00634C7A /* Frameworks */,
				F9A561E02CB5BD5E00634C7A /* Resources */,
				F9A562622CBB9DDF00634C7A /* Embed App Clips */,
				F966BA622CBD9095000863F2 /* Upload dSYMs to Firebase Crashlytics */,
			);
			buildRules = (
			);
			dependencies = (
				F9A5625D2CBB9DDF00634C7A /* PBXTargetDependency */,
			);
			name = CaptureVue;
			packageProductDependencies = (
				F9A561F42CB5C34E00634C7A /* SwiftfulRouting */,
				F966BA642CBD91B6000863F2 /* FirebaseAnalytics */,
				F966BA662CBD91B6000863F2 /* FirebaseCrashlytics */,
			);
			productName = CaptureVue;
			productReference = F9A561E22CB5BD5E00634C7A /* CaptureVue.app */;
			productType = "com.apple.product-type.application";
		};
		F9A5624E2CBB9DDD00634C7A /* CaptureVueAppClip */ = {
			isa = PBXNativeTarget;
			buildConfigurationList = F9A5625F2CBB9DDF00634C7A /* Build configuration list for PBXNativeTarget "CaptureVueAppClip" */;
			buildPhases = (
				F9A5624B2CBB9DDD00634C7A /* Sources */,
				F9A5624C2CBB9DDD00634C7A /* Frameworks */,
				F9A5624D2CBB9DDD00634C7A /* Resources */,
			);
			buildRules = (
			);
			dependencies = (
			);
			name = CaptureVueAppClip;
			productName = CaptureVueAppClip;
			productReference = F9A5624F2CBB9DDD00634C7A /* CaptureVueAppClip.app */;
			productType = "com.apple.product-type.application.on-demand-install-capable";
		};
/* End PBXNativeTarget section */

/* Begin PBXProject section */
		F9A561DA2CB5BD5E00634C7A /* Project object */ = {
			isa = PBXProject;
			attributes = {
				BuildIndependentTargetsInParallel = 1;
				LastSwiftUpdateCheck = 1500;
				LastUpgradeCheck = 1600;
				TargetAttributes = {
					F9A561E12CB5BD5E00634C7A = {
						CreatedOnToolsVersion = 15.0;
					};
					F9A5624E2CBB9DDD00634C7A = {
						CreatedOnToolsVersion = 15.0;
					};
				};
			};
			buildConfigurationList = F9A561DD2CB5BD5E00634C7A /* Build configuration list for PBXProject "CaptureVue" */;
			compatibilityVersion = "Xcode 14.0";
			developmentRegion = en;
			hasScannedForEncodings = 0;
			knownRegions = (
				en,
				Base,
				el,
			);
			mainGroup = F9A561D92CB5BD5E00634C7A;
			packageReferences = (
				F9A561F32CB5C34E00634C7A /* XCRemoteSwiftPackageReference "SwiftfulRouting" */,
				F966BA632CBD91B6000863F2 /* XCRemoteSwiftPackageReference "firebase-ios-sdk" */,
			);
			productRefGroup = F9A561E32CB5BD5E00634C7A /* Products */;
			projectDirPath = "";
			projectRoot = "";
			targets = (
				F9A561E12CB5BD5E00634C7A /* CaptureVue */,
				F9A5624E2CBB9DDD00634C7A /* CaptureVueAppClip */,
			);
		};
/* End PBXProject section */

/* Begin PBXResourcesBuildPhase section */
		F9A561E02CB5BD5E00634C7A /* Resources */ = {
			isa = PBXResourcesBuildPhase;
			buildActionMask = 2147483647;
			files = (
				F9A562192CB716C300634C7A /* Ubuntu-Regular.ttf in Resources */,
				F9A5622A2CB71ADC00634C7A /* swiftgen.yml in Resources */,
				F9995E8E2CBC4DB100909E85 /* GoogleService-Info.plist in Resources */,
				F9A561ED2CB5BD6000634C7A /* Preview Assets.xcassets in Resources */,
				F9A5621C2CB716CB00634C7A /* Ubuntu-Bold.ttf in Resources */,
				F9A5621B2CB716C800634C7A /* Ubuntu-Light.ttf in Resources */,
				F9A562362CB72E6E00634C7A /* Localizable.strings in Resources */,
				F9A5621A2CB716C500634C7A /* Ubuntu-Medium.ttf in Resources */,
				F9A561EA2CB5BD6000634C7A /* Assets.xcassets in Resources */,
			);
			runOnlyForDeploymentPostprocessing = 0;
		};
		F9A5624D2CBB9DDD00634C7A /* Resources */ = {
			isa = PBXResourcesBuildPhase;
			buildActionMask = 2147483647;
			files = (
				F9A562592CBB9DDF00634C7A /* Preview Assets.xcassets in Resources */,
				F9A562562CBB9DDF00634C7A /* Assets.xcassets in Resources */,
				F9995E8D2CBC4DB100909E85 /* GoogleService-Info.plist in Resources */,
			);
			runOnlyForDeploymentPostprocessing = 0;
		};
/* End PBXResourcesBuildPhase section */

/* Begin PBXShellScriptBuildPhase section */
		29EFF281DE73DC741EFFF045 /* [CP] Check Pods Manifest.lock */ = {
			isa = PBXShellScriptBuildPhase;
			buildActionMask = 2147483647;
			files = (
			);
			inputFileListPaths = (
			);
			inputPaths = (
				"${PODS_PODFILE_DIR_PATH}/Podfile.lock",
				"${PODS_ROOT}/Manifest.lock",
			);
			name = "[CP] Check Pods Manifest.lock";
			outputFileListPaths = (
			);
			outputPaths = (
				"$(DERIVED_FILE_DIR)/Pods-CaptureVue-checkManifestLockResult.txt",
			);
			runOnlyForDeploymentPostprocessing = 0;
			shellPath = /bin/sh;
			shellScript = "diff \"${PODS_PODFILE_DIR_PATH}/Podfile.lock\" \"${PODS_ROOT}/Manifest.lock\" > /dev/null\nif [ $? != 0 ] ; then\n    # print error to STDERR\n    echo \"error: The sandbox is not in sync with the Podfile.lock. Run 'pod install' or update your CocoaPods installation.\" >&2\n    exit 1\nfi\n# This output is used by Xcode 'outputs' to avoid re-running this script phase.\necho \"SUCCESS\" > \"${SCRIPT_OUTPUT_FILE_0}\"\n";
			showEnvVarsInLog = 0;
		};
		F966BA622CBD9095000863F2 /* Upload dSYMs to Firebase Crashlytics */ = {
			isa = PBXShellScriptBuildPhase;
			buildActionMask = 2147483647;
			files = (
			);
			inputFileListPaths = (
			);
			inputPaths = (
				"${DWARF_DSYM_FOLDER_PATH}/${DWARF_DSYM_FILE_NAME}",
				"${DWARF_DSYM_FOLDER_PATH}/${DWARF_DSYM_FILE_NAME}/Contents/Resources/DWARF/${PRODUCT_NAME}",
				"${DWARF_DSYM_FOLDER_PATH}/${DWARF_DSYM_FILE_NAME}/Contents/Info.plist",
				"$(TARGET_BUILD_DIR)/$(UNLOCALIZED_RESOURCES_FOLDER_PATH)/GoogleService-Info.plist",
				"$(TARGET_BUILD_DIR)/$(EXECUTABLE_PATH)",
			);
			name = "Upload dSYMs to Firebase Crashlytics";
			outputFileListPaths = (
			);
			outputPaths = (
			);
			runOnlyForDeploymentPostprocessing = 0;
			shellPath = /bin/sh;
			shellScript = "# Type a script or drag a script file from your workspace to insert its path.\n\"${BUILD_DIR%/Build/*}/SourcePackages/checkouts/firebase-ios-sdk/Crashlytics/run\"\n";
		};
		F9A561F62CB5D49F00634C7A /* SwiftGen */ = {
			isa = PBXShellScriptBuildPhase;
			alwaysOutOfDate = 1;
			buildActionMask = 12;
			files = (
			);
			inputFileListPaths = (
			);
			inputPaths = (
				"${PODS_ROOT}/SwiftGen/bin",
				"$(PROJECT_DIR)/swiftgen.yml",
				"$(PROJECT_DIR)/$TARGET_NAME/Assets.xcassets",
				"$(PROJECT_DIR)/$TARGET_NAME/Fonts",
				"$(PROJECT_DIR)/$TARGET_NAME/Strings",
			);
			name = SwiftGen;
			outputFileListPaths = (
			);
			outputPaths = (
				"$(PROJECT_DIR)/Generated/Assets.swift",
				"$(PROJECT_DIR)/Generated/Fonts.swift",
				"$(PROJECT_DIR)/Generated/Strings.swift",
			);
			runOnlyForDeploymentPostprocessing = 0;
			shellPath = /bin/sh;
			shellScript = "# Type a script or drag a script file from your workspace to insert its path.\nif [[ -f \"${PODS_ROOT}/SwiftGen/bin/swiftgen\" ]]; then\n  echo $PROJECT_DIR\n  mkdir -p Generated\n  touch Generated/Assets.swift\n  touch Generated/Fonts.swift\n  touch Generated/Strings.swift\n  \"${PODS_ROOT}/SwiftGen/bin/swiftgen\" config run --config \"${PROJECT_DIR}/swiftgen.yml\"\n  echo \"PODS_ROOT: $PODS_ROOT\"\n  echo \"PROJECT_DIR: $PROJECT_DIR\"\n  echo \"SRCROOT: $SRCROOT\"\n  \nelse\n  echo \"warning: SwiftGen is not installed. Run 'pod install --repo-update' to install it.\"\nfi\n\n";
		};
/* End PBXShellScriptBuildPhase section */

/* Begin PBXSourcesBuildPhase section */
		F9A561DE2CB5BD5E00634C7A /* Sources */ = {
			isa = PBXSourcesBuildPhase;
			buildActionMask = 2147483647;
			files = (
				F9A562322CB71CDC00634C7A /* Typography.swift in Sources */,
				F9A5622F2CB71B0500634C7A /* Fonts.swift in Sources */,
				F9A5623E2CBA8D5A00634C7A /* SplashScreen.swift in Sources */,
				F9A562442CBABA4200634C7A /* SplashPresenter.swift in Sources */,
				F9A562462CBABA6000634C7A /* SplashInteractor.swift in Sources */,
				F9A5624A2CBABD1900634C7A /* DataService.swift in Sources */,
				F9A562482CBABA7A00634C7A /* SplashRouter.swift in Sources */,
				F9A561E82CB5BD5E00634C7A /* ContentView.swift in Sources */,
				F9A561E62CB5BD5E00634C7A /* CaptureVueApp.swift in Sources */,
				F9A5623B2CB72F4F00634C7A /* Strings.swift in Sources */,
				F9A5622E2CB71B0500634C7A /* Assets.swift in Sources */,
			);
			runOnlyForDeploymentPostprocessing = 0;
		};
		F9A5624B2CBB9DDD00634C7A /* Sources */ = {
			isa = PBXSourcesBuildPhase;
			buildActionMask = 2147483647;
			files = (
				F9A562542CBB9DDD00634C7A /* ContentView.swift in Sources */,
				F9A562522CBB9DDD00634C7A /* CaptureVueAppClipApp.swift in Sources */,
			);
			runOnlyForDeploymentPostprocessing = 0;
		};
/* End PBXSourcesBuildPhase section */

/* Begin PBXTargetDependency section */
		F9A5625D2CBB9DDF00634C7A /* PBXTargetDependency */ = {
			isa = PBXTargetDependency;
			target = F9A5624E2CBB9DDD00634C7A /* CaptureVueAppClip */;
			targetProxy = F9A5625C2CBB9DDF00634C7A /* PBXContainerItemProxy */;
		};
/* End PBXTargetDependency section */

/* Begin PBXVariantGroup section */
		F9A562382CB72E6E00634C7A /* Localizable.strings */ = {
			isa = PBXVariantGroup;
			children = (
				F9A562372CB72E6E00634C7A /* en */,
				F9A562392CB72E7200634C7A /* el */,
			);
			name = Localizable.strings;
			sourceTree = "<group>";
		};
/* End PBXVariantGroup section */

/* Begin XCBuildConfiguration section */
		F9A561EE2CB5BD6000634C7A /* Debug */ = {
			isa = XCBuildConfiguration;
			buildSettings = {
				ALWAYS_SEARCH_USER_PATHS = NO;
				ASSETCATALOG_COMPILER_GENERATE_SWIFT_ASSET_SYMBOL_EXTENSIONS = YES;
				CLANG_ANALYZER_LOCALIZABILITY_NONLOCALIZED = YES;
				CLANG_ANALYZER_NONNULL = YES;
				CLANG_ANALYZER_NUMBER_OBJECT_CONVERSION = YES_AGGRESSIVE;
				CLANG_CXX_LANGUAGE_STANDARD = "gnu++20";
				CLANG_ENABLE_MODULES = YES;
				CLANG_ENABLE_OBJC_ARC = YES;
				CLANG_ENABLE_OBJC_WEAK = YES;
				CLANG_WARN_BLOCK_CAPTURE_AUTORELEASING = YES;
				CLANG_WARN_BOOL_CONVERSION = YES;
				CLANG_WARN_COMMA = YES;
				CLANG_WARN_CONSTANT_CONVERSION = YES;
				CLANG_WARN_DEPRECATED_OBJC_IMPLEMENTATIONS = YES;
				CLANG_WARN_DIRECT_OBJC_ISA_USAGE = YES_ERROR;
				CLANG_WARN_DOCUMENTATION_COMMENTS = YES;
				CLANG_WARN_EMPTY_BODY = YES;
				CLANG_WARN_ENUM_CONVERSION = YES;
				CLANG_WARN_INFINITE_RECURSION = YES;
				CLANG_WARN_INT_CONVERSION = YES;
				CLANG_WARN_NON_LITERAL_NULL_CONVERSION = YES;
				CLANG_WARN_OBJC_IMPLICIT_RETAIN_SELF = YES;
				CLANG_WARN_OBJC_LITERAL_CONVERSION = YES;
				CLANG_WARN_OBJC_ROOT_CLASS = YES_ERROR;
				CLANG_WARN_QUOTED_INCLUDE_IN_FRAMEWORK_HEADER = YES;
				CLANG_WARN_RANGE_LOOP_ANALYSIS = YES;
				CLANG_WARN_STRICT_PROTOTYPES = YES;
				CLANG_WARN_SUSPICIOUS_MOVE = YES;
				CLANG_WARN_UNGUARDED_AVAILABILITY = YES_AGGRESSIVE;
				CLANG_WARN_UNREACHABLE_CODE = YES;
				CLANG_WARN__DUPLICATE_METHOD_MATCH = YES;
				COPY_PHASE_STRIP = NO;
				DEBUG_INFORMATION_FORMAT = dwarf;
				ENABLE_STRICT_OBJC_MSGSEND = YES;
				ENABLE_TESTABILITY = YES;
				ENABLE_USER_SCRIPT_SANDBOXING = NO;
				GCC_C_LANGUAGE_STANDARD = gnu17;
				GCC_DYNAMIC_NO_PIC = NO;
				GCC_NO_COMMON_BLOCKS = YES;
				GCC_OPTIMIZATION_LEVEL = 0;
				GCC_PREPROCESSOR_DEFINITIONS = (
					"DEBUG=1",
					"$(inherited)",
				);
				GCC_WARN_64_TO_32_BIT_CONVERSION = YES;
				GCC_WARN_ABOUT_RETURN_TYPE = YES_ERROR;
				GCC_WARN_UNDECLARED_SELECTOR = YES;
				GCC_WARN_UNINITIALIZED_AUTOS = YES_AGGRESSIVE;
				GCC_WARN_UNUSED_FUNCTION = YES;
				GCC_WARN_UNUSED_VARIABLE = YES;
				IPHONEOS_DEPLOYMENT_TARGET = 15.1;
				LOCALIZATION_PREFERS_STRING_CATALOGS = YES;
				MTL_ENABLE_DEBUG_INFO = INCLUDE_SOURCE;
				MTL_FAST_MATH = YES;
				ONLY_ACTIVE_ARCH = YES;
				SDKROOT = iphoneos;
				SWIFT_ACTIVE_COMPILATION_CONDITIONS = "DEBUG $(inherited)";
				SWIFT_OPTIMIZATION_LEVEL = "-Onone";
			};
			name = Debug;
		};
		F9A561EF2CB5BD6000634C7A /* Release */ = {
			isa = XCBuildConfiguration;
			buildSettings = {
				ALWAYS_SEARCH_USER_PATHS = NO;
				ASSETCATALOG_COMPILER_GENERATE_SWIFT_ASSET_SYMBOL_EXTENSIONS = YES;
				CLANG_ANALYZER_LOCALIZABILITY_NONLOCALIZED = YES;
				CLANG_ANALYZER_NONNULL = YES;
				CLANG_ANALYZER_NUMBER_OBJECT_CONVERSION = YES_AGGRESSIVE;
				CLANG_CXX_LANGUAGE_STANDARD = "gnu++20";
				CLANG_ENABLE_MODULES = YES;
				CLANG_ENABLE_OBJC_ARC = YES;
				CLANG_ENABLE_OBJC_WEAK = YES;
				CLANG_WARN_BLOCK_CAPTURE_AUTORELEASING = YES;
				CLANG_WARN_BOOL_CONVERSION = YES;
				CLANG_WARN_COMMA = YES;
				CLANG_WARN_CONSTANT_CONVERSION = YES;
				CLANG_WARN_DEPRECATED_OBJC_IMPLEMENTATIONS = YES;
				CLANG_WARN_DIRECT_OBJC_ISA_USAGE = YES_ERROR;
				CLANG_WARN_DOCUMENTATION_COMMENTS = YES;
				CLANG_WARN_EMPTY_BODY = YES;
				CLANG_WARN_ENUM_CONVERSION = YES;
				CLANG_WARN_INFINITE_RECURSION = YES;
				CLANG_WARN_INT_CONVERSION = YES;
				CLANG_WARN_NON_LITERAL_NULL_CONVERSION = YES;
				CLANG_WARN_OBJC_IMPLICIT_RETAIN_SELF = YES;
				CLANG_WARN_OBJC_LITERAL_CONVERSION = YES;
				CLANG_WARN_OBJC_ROOT_CLASS = YES_ERROR;
				CLANG_WARN_QUOTED_INCLUDE_IN_FRAMEWORK_HEADER = YES;
				CLANG_WARN_RANGE_LOOP_ANALYSIS = YES;
				CLANG_WARN_STRICT_PROTOTYPES = YES;
				CLANG_WARN_SUSPICIOUS_MOVE = YES;
				CLANG_WARN_UNGUARDED_AVAILABILITY = YES_AGGRESSIVE;
				CLANG_WARN_UNREACHABLE_CODE = YES;
				CLANG_WARN__DUPLICATE_METHOD_MATCH = YES;
				COPY_PHASE_STRIP = NO;
				DEBUG_INFORMATION_FORMAT = "dwarf-with-dsym";
				ENABLE_NS_ASSERTIONS = NO;
				ENABLE_STRICT_OBJC_MSGSEND = YES;
				ENABLE_USER_SCRIPT_SANDBOXING = NO;
				GCC_C_LANGUAGE_STANDARD = gnu17;
				GCC_NO_COMMON_BLOCKS = YES;
				GCC_WARN_64_TO_32_BIT_CONVERSION = YES;
				GCC_WARN_ABOUT_RETURN_TYPE = YES_ERROR;
				GCC_WARN_UNDECLARED_SELECTOR = YES;
				GCC_WARN_UNINITIALIZED_AUTOS = YES_AGGRESSIVE;
				GCC_WARN_UNUSED_FUNCTION = YES;
				GCC_WARN_UNUSED_VARIABLE = YES;
				IPHONEOS_DEPLOYMENT_TARGET = 15.1;
				LOCALIZATION_PREFERS_STRING_CATALOGS = YES;
				MTL_ENABLE_DEBUG_INFO = NO;
				MTL_FAST_MATH = YES;
				SDKROOT = iphoneos;
				SWIFT_COMPILATION_MODE = wholemodule;
				VALIDATE_PRODUCT = YES;
			};
			name = Release;
		};
		F9A561F12CB5BD6000634C7A /* Debug */ = {
			isa = XCBuildConfiguration;
			baseConfigurationReference = 8AB11C2F5B7270D2D97E5BE8 /* Pods-CaptureVue.debug.xcconfig */;
			buildSettings = {
				ASSETCATALOG_COMPILER_APPICON_NAME = AppIcon;
				ASSETCATALOG_COMPILER_GLOBAL_ACCENT_COLOR_NAME = AccentColor;
				CODE_SIGN_STYLE = Automatic;
				CURRENT_PROJECT_VERSION = 1;
				DEBUG_INFORMATION_FORMAT = "dwarf-with-dsym";
				DEVELOPMENT_ASSET_PATHS = "\"CaptureVue/Preview Content\"";
				DEVELOPMENT_TEAM = HTZN6N8NQA;
				ENABLE_PREVIEWS = YES;
				ENABLE_USER_SCRIPT_SANDBOXING = YES;
				GENERATE_INFOPLIST_FILE = YES;
				INFOPLIST_FILE = CaptureVue/Info.plist;
				INFOPLIST_KEY_UIApplicationSceneManifest_Generation = YES;
				INFOPLIST_KEY_UIApplicationSupportsIndirectInputEvents = YES;
				INFOPLIST_KEY_UILaunchScreen_Generation = YES;
				INFOPLIST_KEY_UISupportedInterfaceOrientations_iPad = "UIInterfaceOrientationPortrait UIInterfaceOrientationPortraitUpsideDown UIInterfaceOrientationLandscapeLeft UIInterfaceOrientationLandscapeRight";
				INFOPLIST_KEY_UISupportedInterfaceOrientations_iPhone = "UIInterfaceOrientationPortrait UIInterfaceOrientationLandscapeLeft UIInterfaceOrientationLandscapeRight";
				IPHONEOS_DEPLOYMENT_TARGET = 16.0;
				LD_RUNPATH_SEARCH_PATHS = (
					"$(inherited)",
					"@executable_path/Frameworks",
				);
				MARKETING_VERSION = 1.0;
				OTHER_LDFLAGS = "-ObjC";
				PRODUCT_BUNDLE_IDENTIFIER = gr.stackmak.CaptureVue;
				PRODUCT_NAME = "$(TARGET_NAME)";
				SWIFT_EMIT_LOC_STRINGS = YES;
				SWIFT_VERSION = 5.0;
				TARGETED_DEVICE_FAMILY = "1,2";
			};
			name = Debug;
		};
		F9A561F22CB5BD6000634C7A /* Release */ = {
			isa = XCBuildConfiguration;
			baseConfigurationReference = 62C717BC74FED4716BC578A3 /* Pods-CaptureVue.release.xcconfig */;
			buildSettings = {
				ASSETCATALOG_COMPILER_APPICON_NAME = AppIcon;
				ASSETCATALOG_COMPILER_GLOBAL_ACCENT_COLOR_NAME = AccentColor;
				CODE_SIGN_STYLE = Automatic;
				CURRENT_PROJECT_VERSION = 1;
				DEBUG_INFORMATION_FORMAT = "dwarf-with-dsym";
				DEVELOPMENT_ASSET_PATHS = "\"CaptureVue/Preview Content\"";
				DEVELOPMENT_TEAM = HTZN6N8NQA;
				ENABLE_PREVIEWS = YES;
				ENABLE_USER_SCRIPT_SANDBOXING = YES;
				GENERATE_INFOPLIST_FILE = YES;
				INFOPLIST_FILE = CaptureVue/Info.plist;
				INFOPLIST_KEY_UIApplicationSceneManifest_Generation = YES;
				INFOPLIST_KEY_UIApplicationSupportsIndirectInputEvents = YES;
				INFOPLIST_KEY_UILaunchScreen_Generation = YES;
				INFOPLIST_KEY_UISupportedInterfaceOrientations_iPad = "UIInterfaceOrientationPortrait UIInterfaceOrientationPortraitUpsideDown UIInterfaceOrientationLandscapeLeft UIInterfaceOrientationLandscapeRight";
				INFOPLIST_KEY_UISupportedInterfaceOrientations_iPhone = "UIInterfaceOrientationPortrait UIInterfaceOrientationLandscapeLeft UIInterfaceOrientationLandscapeRight";
				IPHONEOS_DEPLOYMENT_TARGET = 16.0;
				LD_RUNPATH_SEARCH_PATHS = (
					"$(inherited)",
					"@executable_path/Frameworks",
				);
				MARKETING_VERSION = 1.0;
				OTHER_LDFLAGS = "-ObjC";
				PRODUCT_BUNDLE_IDENTIFIER = gr.stackmak.CaptureVue;
				PRODUCT_NAME = "$(TARGET_NAME)";
				SWIFT_EMIT_LOC_STRINGS = YES;
				SWIFT_VERSION = 5.0;
				TARGETED_DEVICE_FAMILY = "1,2";
			};
			name = Release;
		};
		F9A562602CBB9DDF00634C7A /* Debug */ = {
			isa = XCBuildConfiguration;
			buildSettings = {
				ASSETCATALOG_COMPILER_APPICON_NAME = AppIcon;
				ASSETCATALOG_COMPILER_GLOBAL_ACCENT_COLOR_NAME = AccentColor;
				CODE_SIGN_ENTITLEMENTS = CaptureVueAppClip/CaptureVueAppClip.entitlements;
				CODE_SIGN_STYLE = Automatic;
				CURRENT_PROJECT_VERSION = 1;
				DEVELOPMENT_ASSET_PATHS = "\"CaptureVueAppClip/Preview Content\"";
				DEVELOPMENT_TEAM = HTZN6N8NQA;
				ENABLE_PREVIEWS = YES;
				GENERATE_INFOPLIST_FILE = YES;
				INFOPLIST_FILE = CaptureVueAppClip/Info.plist;
				INFOPLIST_KEY_CFBundleDisplayName = CaptureVue;
				INFOPLIST_KEY_UIApplicationSceneManifest_Generation = YES;
				INFOPLIST_KEY_UIApplicationSupportsIndirectInputEvents = YES;
				INFOPLIST_KEY_UILaunchScreen_Generation = YES;
				INFOPLIST_KEY_UISupportedInterfaceOrientations_iPad = "UIInterfaceOrientationPortrait UIInterfaceOrientationPortraitUpsideDown UIInterfaceOrientationLandscapeLeft UIInterfaceOrientationLandscapeRight";
				INFOPLIST_KEY_UISupportedInterfaceOrientations_iPhone = "UIInterfaceOrientationPortrait UIInterfaceOrientationLandscapeLeft UIInterfaceOrientationLandscapeRight";
				IPHONEOS_DEPLOYMENT_TARGET = 16.0;
				LD_RUNPATH_SEARCH_PATHS = (
					"$(inherited)",
					"@executable_path/Frameworks",
				);
				MARKETING_VERSION = 1.0;
				PRODUCT_BUNDLE_IDENTIFIER = gr.stackmak.CaptureVue.Clip;
				PRODUCT_NAME = "$(TARGET_NAME)";
				SWIFT_EMIT_LOC_STRINGS = YES;
				SWIFT_VERSION = 5.0;
				TARGETED_DEVICE_FAMILY = "1,2";
			};
			name = Debug;
		};
		F9A562612CBB9DDF00634C7A /* Release */ = {
			isa = XCBuildConfiguration;
			buildSettings = {
				ASSETCATALOG_COMPILER_APPICON_NAME = AppIcon;
				ASSETCATALOG_COMPILER_GLOBAL_ACCENT_COLOR_NAME = AccentColor;
				CODE_SIGN_ENTITLEMENTS = CaptureVueAppClip/CaptureVueAppClip.entitlements;
				CODE_SIGN_STYLE = Automatic;
				CURRENT_PROJECT_VERSION = 1;
				DEVELOPMENT_ASSET_PATHS = "\"CaptureVueAppClip/Preview Content\"";
				DEVELOPMENT_TEAM = HTZN6N8NQA;
				ENABLE_PREVIEWS = YES;
				GENERATE_INFOPLIST_FILE = YES;
				INFOPLIST_FILE = CaptureVueAppClip/Info.plist;
				INFOPLIST_KEY_CFBundleDisplayName = CaptureVue;
				INFOPLIST_KEY_UIApplicationSceneManifest_Generation = YES;
				INFOPLIST_KEY_UIApplicationSupportsIndirectInputEvents = YES;
				INFOPLIST_KEY_UILaunchScreen_Generation = YES;
				INFOPLIST_KEY_UISupportedInterfaceOrientations_iPad = "UIInterfaceOrientationPortrait UIInterfaceOrientationPortraitUpsideDown UIInterfaceOrientationLandscapeLeft UIInterfaceOrientationLandscapeRight";
				INFOPLIST_KEY_UISupportedInterfaceOrientations_iPhone = "UIInterfaceOrientationPortrait UIInterfaceOrientationLandscapeLeft UIInterfaceOrientationLandscapeRight";
				IPHONEOS_DEPLOYMENT_TARGET = 16.0;
				LD_RUNPATH_SEARCH_PATHS = (
					"$(inherited)",
					"@executable_path/Frameworks",
				);
				MARKETING_VERSION = 1.0;
				PRODUCT_BUNDLE_IDENTIFIER = gr.stackmak.CaptureVue.Clip;
				PRODUCT_NAME = "$(TARGET_NAME)";
				SWIFT_EMIT_LOC_STRINGS = YES;
				SWIFT_VERSION = 5.0;
				TARGETED_DEVICE_FAMILY = "1,2";
			};
			name = Release;
		};
/* End XCBuildConfiguration section */

/* Begin XCConfigurationList section */
		F9A561DD2CB5BD5E00634C7A /* Build configuration list for PBXProject "CaptureVue" */ = {
			isa = XCConfigurationList;
			buildConfigurations = (
				F9A561EE2CB5BD6000634C7A /* Debug */,
				F9A561EF2CB5BD6000634C7A /* Release */,
			);
			defaultConfigurationIsVisible = 0;
			defaultConfigurationName = Release;
		};
		F9A561F02CB5BD6000634C7A /* Build configuration list for PBXNativeTarget "CaptureVue" */ = {
			isa = XCConfigurationList;
			buildConfigurations = (
				F9A561F12CB5BD6000634C7A /* Debug */,
				F9A561F22CB5BD6000634C7A /* Release */,
			);
			defaultConfigurationIsVisible = 0;
			defaultConfigurationName = Release;
		};
		F9A5625F2CBB9DDF00634C7A /* Build configuration list for PBXNativeTarget "CaptureVueAppClip" */ = {
			isa = XCConfigurationList;
			buildConfigurations = (
				F9A562602CBB9DDF00634C7A /* Debug */,
				F9A562612CBB9DDF00634C7A /* Release */,
			);
			defaultConfigurationIsVisible = 0;
			defaultConfigurationName = Release;
		};
/* End XCConfigurationList section */

/* Begin XCRemoteSwiftPackageReference section */
		F966BA632CBD91B6000863F2 /* XCRemoteSwiftPackageReference "firebase-ios-sdk" */ = {
			isa = XCRemoteSwiftPackageReference;
			repositoryURL = "https://github.com/firebase/firebase-ios-sdk.git";
			requirement = {
				kind = upToNextMajorVersion;
				minimumVersion = 11.3.0;
			};
		};
		F9A561F32CB5C34E00634C7A /* XCRemoteSwiftPackageReference "SwiftfulRouting" */ = {
			isa = XCRemoteSwiftPackageReference;
			repositoryURL = "https://github.com/SwiftfulThinking/SwiftfulRouting.git";
			requirement = {
				kind = upToNextMajorVersion;
				minimumVersion = 5.3.6;
			};
		};
/* End XCRemoteSwiftPackageReference section */

/* Begin XCSwiftPackageProductDependency section */
		F966BA642CBD91B6000863F2 /* FirebaseAnalytics */ = {
			isa = XCSwiftPackageProductDependency;
			package = F966BA632CBD91B6000863F2 /* XCRemoteSwiftPackageReference "firebase-ios-sdk" */;
			productName = FirebaseAnalytics;
		};
		F966BA662CBD91B6000863F2 /* FirebaseCrashlytics */ = {
			isa = XCSwiftPackageProductDependency;
			package = F966BA632CBD91B6000863F2 /* XCRemoteSwiftPackageReference "firebase-ios-sdk" */;
			productName = FirebaseCrashlytics;
		};
		F9A561F42CB5C34E00634C7A /* SwiftfulRouting */ = {
			isa = XCSwiftPackageProductDependency;
			package = F9A561F32CB5C34E00634C7A /* XCRemoteSwiftPackageReference "SwiftfulRouting" */;
			productName = SwiftfulRouting;
		};
/* End XCSwiftPackageProductDependency section */
	};
	rootObject = F9A561DA2CB5BD5E00634C7A /* Project object */;
}
