// !$*UTF8*$!
{
	archiveVersion = 1;
	classes = {
	};
	objectVersion = 56;
	objects = {

/* Begin PBXBuildFile section */
		699E42A99FF6384630584121 /* Pods_SharedPods_CaptureVue.framework in Frameworks */ = {isa = PBXBuildFile; fileRef = B55DAC067026C587C6ABA373 /* Pods_SharedPods_CaptureVue.framework */; };
		F927D19B2CF1B01500EB7650 /* VideoPlayerManager.swift in Sources */ = {isa = PBXBuildFile; fileRef = F927D19A2CF1B01500EB7650 /* VideoPlayerManager.swift */; };
		F927D19E2CF1F37000EB7650 /* CacheManager.swift in Sources */ = {isa = PBXBuildFile; fileRef = F927D19D2CF1F37000EB7650 /* CacheManager.swift */; };
		F94263692D76424900A55A15 /* SwipeBackModifier.swift in Sources */ = {isa = PBXBuildFile; fileRef = F94263682D76424900A55A15 /* SwipeBackModifier.swift */; };
		F942636B2D77862E00A55A15 /* HttpUrlResponseExtensions.swift in Sources */ = {isa = PBXBuildFile; fileRef = F942636A2D77862E00A55A15 /* HttpUrlResponseExtensions.swift */; };
		F942636D2D7F53E300A55A15 /* CameraView.swift in Sources */ = {isa = PBXBuildFile; fileRef = F942636C2D7F53E300A55A15 /* CameraView.swift */; };
		F942636F2D7F543500A55A15 /* CameraTestView.swift in Sources */ = {isa = PBXBuildFile; fileRef = F942636E2D7F543500A55A15 /* CameraTestView.swift */; };
		F94263712D7F609800A55A15 /* CaptureCameraManager.swift in Sources */ = {isa = PBXBuildFile; fileRef = F94263702D7F609800A55A15 /* CaptureCameraManager.swift */; };
		F9503ACC2CD821CA00DDD4F0 /* SystemProperties.swift in Sources */ = {isa = PBXBuildFile; fileRef = F9503ACB2CD821CA00DDD4F0 /* SystemProperties.swift */; };
		F953B24D2CC827780058C2BD /* OnBoardingScreen.swift in Sources */ = {isa = PBXBuildFile; fileRef = F953B24C2CC827570058C2BD /* OnBoardingScreen.swift */; };
		F953B24F2CC8280C0058C2BD /* OnBoardingViewModel.swift in Sources */ = {isa = PBXBuildFile; fileRef = F953B24E2CC8280C0058C2BD /* OnBoardingViewModel.swift */; };
		F953B2632CD2A3BD0058C2BD /* QRCameraView.swift in Sources */ = {isa = PBXBuildFile; fileRef = F953B2622CD2A3BD0058C2BD /* QRCameraView.swift */; };
		F953B2652CD2E9E00058C2BD /* QRCameraManager.swift in Sources */ = {isa = PBXBuildFile; fileRef = F953B2642CD2E9E00058C2BD /* QRCameraManager.swift */; };
		F953B2672CD3CDE20058C2BD /* PermissionAlertStatus.swift in Sources */ = {isa = PBXBuildFile; fileRef = F953B2662CD3CDE20058C2BD /* PermissionAlertStatus.swift */; };
		F953B2692CD6047D0058C2BD /* QRCodeIcon.swift in Sources */ = {isa = PBXBuildFile; fileRef = F953B2682CD6047D0058C2BD /* QRCodeIcon.swift */; };
		F966BA652CBD91B6000863F2 /* FirebaseAnalytics in Frameworks */ = {isa = PBXBuildFile; productRef = F966BA642CBD91B6000863F2 /* FirebaseAnalytics */; };
		F966BA672CBD91B6000863F2 /* FirebaseCrashlytics in Frameworks */ = {isa = PBXBuildFile; productRef = F966BA662CBD91B6000863F2 /* FirebaseCrashlytics */; };
		F96982F32CF31B4E00CC3C55 /* StoryThumbnailView.swift in Sources */ = {isa = PBXBuildFile; fileRef = F96982F22CF31B4E00CC3C55 /* StoryThumbnailView.swift */; };
		F96982F52CF31CA800CC3C55 /* StoryView.swift in Sources */ = {isa = PBXBuildFile; fileRef = F96982F42CF31CA800CC3C55 /* StoryView.swift */; };
		F96982FA2CF3530D00CC3C55 /* GalleryListView.swift in Sources */ = {isa = PBXBuildFile; fileRef = F96982F92CF3530D00CC3C55 /* GalleryListView.swift */; };
		F96982FC2CF3537B00CC3C55 /* GalleryView.swift in Sources */ = {isa = PBXBuildFile; fileRef = F96982FB2CF3537B00CC3C55 /* GalleryView.swift */; };
		F96983002CF5203500CC3C55 /* LoginScreen.swift in Sources */ = {isa = PBXBuildFile; fileRef = F96982FF2CF5203500CC3C55 /* LoginScreen.swift */; };
		F96983022CF5207C00CC3C55 /* LoginViewModel.swift in Sources */ = {isa = PBXBuildFile; fileRef = F96983012CF5207C00CC3C55 /* LoginViewModel.swift */; };
		F96983062CF63E5A00CC3C55 /* VideoPlayerView.swift in Sources */ = {isa = PBXBuildFile; fileRef = F96983052CF63E5A00CC3C55 /* VideoPlayerView.swift */; };
		F96A6D4E2CC1B9A3001C1E85 /* Kingfisher in Frameworks */ = {isa = PBXBuildFile; productRef = F96A6D4D2CC1B9A3001C1E85 /* Kingfisher */; };
		F980ED0E2D71F5A7003D8CAC /* UploadThumbnailUseCase.swift in Sources */ = {isa = PBXBuildFile; fileRef = F980ED0D2D71F5A7003D8CAC /* UploadThumbnailUseCase.swift */; };
		F99772252D4CCFEE00D14332 /* SwipeBackGestures.swift in Sources */ = {isa = PBXBuildFile; fileRef = F99772242D4CCFEE00D14332 /* SwipeBackGestures.swift */; };
		F997722E2D5490ED00D14332 /* ValidateEvent.swift in Sources */ = {isa = PBXBuildFile; fileRef = F997722D2D5490ED00D14332 /* ValidateEvent.swift */; };
		F99772302D54912F00D14332 /* Event.swift in Sources */ = {isa = PBXBuildFile; fileRef = F997722F2D54912F00D14332 /* Event.swift */; };
		F99772322D54915500D14332 /* StoryItem.swift in Sources */ = {isa = PBXBuildFile; fileRef = F99772312D54915500D14332 /* StoryItem.swift */; };
		F99772342D54917200D14332 /* StoryItemDto.swift in Sources */ = {isa = PBXBuildFile; fileRef = F99772332D54917200D14332 /* StoryItemDto.swift */; };
		F99772362D54918A00D14332 /* GalleryItem.swift in Sources */ = {isa = PBXBuildFile; fileRef = F99772352D54918A00D14332 /* GalleryItem.swift */; };
		F99772382D5491AB00D14332 /* GalleryItemDto.swift in Sources */ = {isa = PBXBuildFile; fileRef = F99772372D5491AB00D14332 /* GalleryItemDto.swift */; };
		F997723A2D5491BD00D14332 /* Customer.swift in Sources */ = {isa = PBXBuildFile; fileRef = F99772392D5491BD00D14332 /* Customer.swift */; };
		F997723C2D5491DE00D14332 /* CustomerDto.swift in Sources */ = {isa = PBXBuildFile; fileRef = F997723B2D5491DE00D14332 /* CustomerDto.swift */; };
		F997723E2D553E8900D14332 /* AwsDirectUploadUrlDto.swift in Sources */ = {isa = PBXBuildFile; fileRef = F997723D2D553E8900D14332 /* AwsDirectUploadUrlDto.swift */; };
		F997736D2D565A9800D14332 /* TaskManager.swift in Sources */ = {isa = PBXBuildFile; fileRef = F997736C2D565A9800D14332 /* TaskManager.swift */; };
		F997736F2D56664C00D14332 /* TemporaryHoldStructs.swift in Sources */ = {isa = PBXBuildFile; fileRef = F997736E2D56664C00D14332 /* TemporaryHoldStructs.swift */; };
		F99773712D5BE4E600D14332 /* LocalNotificationManager.swift in Sources */ = {isa = PBXBuildFile; fileRef = F99773702D5BE4E600D14332 /* LocalNotificationManager.swift */; };
		F99773752D66309800D14332 /* LoginResponse.swift in Sources */ = {isa = PBXBuildFile; fileRef = F99773742D66309800D14332 /* LoginResponse.swift */; };
		F99773782D6630D800D14332 /* LoginRequestBody.swift in Sources */ = {isa = PBXBuildFile; fileRef = F99773772D6630D800D14332 /* LoginRequestBody.swift */; };
		F997737F2D67967100D14332 /* FetchCustomerHomeUseCase.swift in Sources */ = {isa = PBXBuildFile; fileRef = F997737E2D67967100D14332 /* FetchCustomerHomeUseCase.swift */; };
		F99773822D6798A900D14332 /* CustomerRepositoryContract.swift in Sources */ = {isa = PBXBuildFile; fileRef = F99773812D6798A900D14332 /* CustomerRepositoryContract.swift */; };
		F99773842D6798C100D14332 /* CustomerRepository.swift in Sources */ = {isa = PBXBuildFile; fileRef = F99773832D6798C100D14332 /* CustomerRepository.swift */; };
		F99773862D6798D600D14332 /* CustomerApi.swift in Sources */ = {isa = PBXBuildFile; fileRef = F99773852D6798D600D14332 /* CustomerApi.swift */; };
		F99773882D67991B00D14332 /* CustomerRepositoryMock.swift in Sources */ = {isa = PBXBuildFile; fileRef = F99773872D67991B00D14332 /* CustomerRepositoryMock.swift */; };
		F997738A2D67B08500D14332 /* HomeResponseDto.swift in Sources */ = {isa = PBXBuildFile; fileRef = F99773892D67B08500D14332 /* HomeResponseDto.swift */; };
		F997738D2D67B1C500D14332 /* HomeResponse.swift in Sources */ = {isa = PBXBuildFile; fileRef = F997738C2D67B1C500D14332 /* HomeResponse.swift */; };
		F99773902D67D65000D14332 /* EventApi.swift in Sources */ = {isa = PBXBuildFile; fileRef = F997738F2D67D65000D14332 /* EventApi.swift */; };
		F99773922D67D6A800D14332 /* EventRepository.swift in Sources */ = {isa = PBXBuildFile; fileRef = F99773912D67D6A800D14332 /* EventRepository.swift */; };
		F99773942D67D6C000D14332 /* EventRepositoryContract.swift in Sources */ = {isa = PBXBuildFile; fileRef = F99773932D67D6C000D14332 /* EventRepositoryContract.swift */; };
		F99773962D67D73C00D14332 /* ValidateEventUseCase.swift in Sources */ = {isa = PBXBuildFile; fileRef = F99773952D67D73C00D14332 /* ValidateEventUseCase.swift */; };
		F99773982D67D75C00D14332 /* EventRepositoryMock.swift in Sources */ = {isa = PBXBuildFile; fileRef = F99773972D67D75C00D14332 /* EventRepositoryMock.swift */; };
		F997739A2D67DEDB00D14332 /* FetchEventUseCase.swift in Sources */ = {isa = PBXBuildFile; fileRef = F99773992D67DEDB00D14332 /* FetchEventUseCase.swift */; };
		F99773A12D6868E100D14332 /* GalleryApi.swift in Sources */ = {isa = PBXBuildFile; fileRef = F997739F2D6868E100D14332 /* GalleryApi.swift */; };
		F99773A32D6868E100D14332 /* GalleryRepository.swift in Sources */ = {isa = PBXBuildFile; fileRef = F997739E2D6868E100D14332 /* GalleryRepository.swift */; };
		F99773A42D6868E100D14332 /* GalleryRepositoryContract.swift in Sources */ = {isa = PBXBuildFile; fileRef = F997739C2D6868E100D14332 /* GalleryRepositoryContract.swift */; };
		F99773A52D6868E100D14332 /* GalleryRepositoryMock.swift in Sources */ = {isa = PBXBuildFile; fileRef = F99773A02D6868E100D14332 /* GalleryRepositoryMock.swift */; };
		F99773A82D686C0300D14332 /* CaptureVueError.swift in Sources */ = {isa = PBXBuildFile; fileRef = F99773A72D686C0300D14332 /* CaptureVueError.swift */; };
		F99773AC2D686D6000D14332 /* AwsDirectUploadUrl.swift in Sources */ = {isa = PBXBuildFile; fileRef = F99773AB2D686D6000D14332 /* AwsDirectUploadUrl.swift */; };
		F99773B02D6871ED00D14332 /* UploadServiceData.swift in Sources */ = {isa = PBXBuildFile; fileRef = F99773AF2D6871ED00D14332 /* UploadServiceData.swift */; };
		F99773B32D68CE0300D14332 /* BaseViewModel.swift in Sources */ = {isa = PBXBuildFile; fileRef = F99773B22D68CE0300D14332 /* BaseViewModel.swift */; };
		F99773B52D68CE1F00D14332 /* BaseViewModelExtension.swift in Sources */ = {isa = PBXBuildFile; fileRef = F99773B42D68CE1F00D14332 /* BaseViewModelExtension.swift */; };
		F99773B82D69196700D14332 /* SectionItem.swift in Sources */ = {isa = PBXBuildFile; fileRef = F99773B72D69196700D14332 /* SectionItem.swift */; };
		F99773BA2D6919B900D14332 /* DoubleExtensions.swift in Sources */ = {isa = PBXBuildFile; fileRef = F99773B92D6919B900D14332 /* DoubleExtensions.swift */; };
		F99773BC2D6919EA00D14332 /* ClickSectionAction.swift in Sources */ = {isa = PBXBuildFile; fileRef = F99773BB2D6919EA00D14332 /* ClickSectionAction.swift */; };
		F99773BE2D691A2C00D14332 /* LeadingSectionIcon.swift in Sources */ = {isa = PBXBuildFile; fileRef = F99773BD2D691A2C00D14332 /* LeadingSectionIcon.swift */; };
		F99773C12D6929EC00D14332 /* AuthRepositoryContract.swift in Sources */ = {isa = PBXBuildFile; fileRef = F99773C02D6929EC00D14332 /* AuthRepositoryContract.swift */; };
		F99773C52D692A0E00D14332 /* AuthRepository.swift in Sources */ = {isa = PBXBuildFile; fileRef = F99773C42D692A0E00D14332 /* AuthRepository.swift */; };
		F99773C72D692A2100D14332 /* AuthApi.swift in Sources */ = {isa = PBXBuildFile; fileRef = F99773C62D692A2100D14332 /* AuthApi.swift */; };
		F99773C92D692A3200D14332 /* CredentialsLoginUseCase.swift in Sources */ = {isa = PBXBuildFile; fileRef = F99773C82D692A3200D14332 /* CredentialsLoginUseCase.swift */; };
		F99773CB2D692A5800D14332 /* AuthRepositoryMock.swift in Sources */ = {isa = PBXBuildFile; fileRef = F99773CA2D692A5800D14332 /* AuthRepositoryMock.swift */; };
		F99773CD2D69BC3C00D14332 /* CreateEventResponse.swift in Sources */ = {isa = PBXBuildFile; fileRef = F99773CC2D69BC3C00D14332 /* CreateEventResponse.swift */; };
		F99773CF2D69D16700D14332 /* MultipartRequest.swift in Sources */ = {isa = PBXBuildFile; fileRef = F99773CE2D69D16700D14332 /* MultipartRequest.swift */; };
		F99773D12D6A719E00D14332 /* CreateEventUseCase.swift in Sources */ = {isa = PBXBuildFile; fileRef = F99773D02D6A719E00D14332 /* CreateEventUseCase.swift */; };
		F99773D92D6A7F2D00D14332 /* CopyTempFileUseCase.swift in Sources */ = {isa = PBXBuildFile; fileRef = F99773D82D6A7F2D00D14332 /* CopyTempFileUseCase.swift */; };
		F99773DD2D6A8EF500D14332 /* FileManager.swift in Sources */ = {isa = PBXBuildFile; fileRef = F99773DC2D6A8EF500D14332 /* FileManager.swift */; };
		F99773E12D6E266400D14332 /* PrepareUploadData.swift in Sources */ = {isa = PBXBuildFile; fileRef = F99773E02D6E266400D14332 /* PrepareUploadData.swift */; };
		F99773E52D6E28FB00D14332 /* GetAwsDirectUploadUrlUseCase.swift in Sources */ = {isa = PBXBuildFile; fileRef = F99773E42D6E28FB00D14332 /* GetAwsDirectUploadUrlUseCase.swift */; };
		F99773E92D6E616E00D14332 /* IntExtensions.swift in Sources */ = {isa = PBXBuildFile; fileRef = F99773E82D6E616E00D14332 /* IntExtensions.swift */; };
		F99773EB2D6E635700D14332 /* UploadAwsFileUseCase.swift in Sources */ = {isa = PBXBuildFile; fileRef = F99773EA2D6E635700D14332 /* UploadAwsFileUseCase.swift */; };
		F99773ED2D6E8A4B00D14332 /* NotifyNewAssetUseCase.swift in Sources */ = {isa = PBXBuildFile; fileRef = F99773EC2D6E8A4B00D14332 /* NotifyNewAssetUseCase.swift */; };
		F99773F02D6F2B4300D14332 /* AssetUploadHelper.swift in Sources */ = {isa = PBXBuildFile; fileRef = F99773EF2D6F2B4300D14332 /* AssetUploadHelper.swift */; };
		F99773F22D6F4FA400D14332 /* PrepareUploadFileUseCase.swift in Sources */ = {isa = PBXBuildFile; fileRef = F99773F12D6F4FA400D14332 /* PrepareUploadFileUseCase.swift */; };
		F99773F42D6F5F1900D14332 /* GetPendingUploadFileUSeCase.swift in Sources */ = {isa = PBXBuildFile; fileRef = F99773F32D6F5F1900D14332 /* GetPendingUploadFileUSeCase.swift */; };
		F99773F62D6F6D4200D14332 /* DeleteTempFileUseCase.swift in Sources */ = {isa = PBXBuildFile; fileRef = F99773F52D6F6D4200D14332 /* DeleteTempFileUseCase.swift */; };
		F99773F82D71BFCA00D14332 /* GetThumbnailFromVideoUseCase.swift in Sources */ = {isa = PBXBuildFile; fileRef = F99773F72D71BFCA00D14332 /* GetThumbnailFromVideoUseCase.swift */; };
		F9995E8E2CBC4DB100909E85 /* GoogleService-Info.plist in Resources */ = {isa = PBXBuildFile; fileRef = F9995E8C2CBC4DB100909E85 /* GoogleService-Info.plist */; };
		F9A561E62CB5BD5E00634C7A /* CaptureVueApp.swift in Sources */ = {isa = PBXBuildFile; fileRef = F9A561E52CB5BD5E00634C7A /* CaptureVueApp.swift */; };
		F9A561EA2CB5BD6000634C7A /* Assets.xcassets in Resources */ = {isa = PBXBuildFile; fileRef = F9A561E92CB5BD6000634C7A /* Assets.xcassets */; };
		F9A561ED2CB5BD6000634C7A /* Preview Assets.xcassets in Resources */ = {isa = PBXBuildFile; fileRef = F9A561EC2CB5BD6000634C7A /* Preview Assets.xcassets */; };
		F9A561F52CB5C34E00634C7A /* SwiftfulRouting in Frameworks */ = {isa = PBXBuildFile; productRef = F9A561F42CB5C34E00634C7A /* SwiftfulRouting */; };
		F9A562192CB716C300634C7A /* Ubuntu-Regular.ttf in Resources */ = {isa = PBXBuildFile; fileRef = F9A562172CB714EE00634C7A /* Ubuntu-Regular.ttf */; };
		F9A5621A2CB716C500634C7A /* Ubuntu-Medium.ttf in Resources */ = {isa = PBXBuildFile; fileRef = F9A562182CB714EE00634C7A /* Ubuntu-Medium.ttf */; };
		F9A5621B2CB716C800634C7A /* Ubuntu-Light.ttf in Resources */ = {isa = PBXBuildFile; fileRef = F9A562162CB714EE00634C7A /* Ubuntu-Light.ttf */; };
		F9A5621C2CB716CB00634C7A /* Ubuntu-Bold.ttf in Resources */ = {isa = PBXBuildFile; fileRef = F9A562152CB714EE00634C7A /* Ubuntu-Bold.ttf */; };
		F9A5622A2CB71ADC00634C7A /* swiftgen.yml in Resources */ = {isa = PBXBuildFile; fileRef = F9A562292CB71ADC00634C7A /* swiftgen.yml */; };
		F9A5622E2CB71B0500634C7A /* Assets.swift in Sources */ = {isa = PBXBuildFile; fileRef = F9A5622C2CB71B0500634C7A /* Assets.swift */; };
		F9A5622F2CB71B0500634C7A /* Fonts.swift in Sources */ = {isa = PBXBuildFile; fileRef = F9A5622D2CB71B0500634C7A /* Fonts.swift */; };
		F9A562322CB71CDC00634C7A /* Typography.swift in Sources */ = {isa = PBXBuildFile; fileRef = F9A562312CB71CDC00634C7A /* Typography.swift */; };
		F9A562362CB72E6E00634C7A /* Localizable.strings in Resources */ = {isa = PBXBuildFile; fileRef = F9A562382CB72E6E00634C7A /* Localizable.strings */; };
		F9A5623B2CB72F4F00634C7A /* Strings.swift in Sources */ = {isa = PBXBuildFile; fileRef = F9A5623A2CB72F4F00634C7A /* Strings.swift */; };
		F9A5623E2CBA8D5A00634C7A /* SplashScreen.swift in Sources */ = {isa = PBXBuildFile; fileRef = F9A5623D2CBA8D5A00634C7A /* SplashScreen.swift */; };
		F9A562442CBABA4200634C7A /* SplashViewModel.swift in Sources */ = {isa = PBXBuildFile; fileRef = F9A562432CBABA4200634C7A /* SplashViewModel.swift */; };
		F9A5624A2CBABD1900634C7A /* NetworkClient.swift in Sources */ = {isa = PBXBuildFile; fileRef = F9A562492CBABD1900634C7A /* NetworkClient.swift */; };
		F9A9E06A2CDFC224003DB166 /* ViewExtensions.swift in Sources */ = {isa = PBXBuildFile; fileRef = F9A9E0692CDFC224003DB166 /* ViewExtensions.swift */; };
		F9A9E06E2CDFC584003DB166 /* Banner.swift in Sources */ = {isa = PBXBuildFile; fileRef = F9A9E06D2CDFC584003DB166 /* Banner.swift */; };
		F9A9E0702CE0A684003DB166 /* Keyboard.swift in Sources */ = {isa = PBXBuildFile; fileRef = F9A9E06F2CE0A684003DB166 /* Keyboard.swift */; };
		F9A9E0722CE0C9F7003DB166 /* QRCodeScannerScreen.swift in Sources */ = {isa = PBXBuildFile; fileRef = F9A9E0712CE0C9F7003DB166 /* QRCodeScannerScreen.swift */; };
		F9A9E0752CE2AF77003DB166 /* EventDto.swift in Sources */ = {isa = PBXBuildFile; fileRef = F9A9E0742CE2AF43003DB166 /* EventDto.swift */; };
		F9A9E0772CE2B273003DB166 /* ValidateEventDto.swift in Sources */ = {isa = PBXBuildFile; fileRef = F9A9E0762CE2B273003DB166 /* ValidateEventDto.swift */; };
		F9A9E07B2CE2B4AF003DB166 /* CaptureVueResponseRaw.swift in Sources */ = {isa = PBXBuildFile; fileRef = F9A9E07A2CE2B4AF003DB166 /* CaptureVueResponseRaw.swift */; };
		F9A9E07E2CE52E10003DB166 /* EventScreen.swift in Sources */ = {isa = PBXBuildFile; fileRef = F9A9E07D2CE52E10003DB166 /* EventScreen.swift */; };
		F9A9E0802CE52E22003DB166 /* EventViewModel.swift in Sources */ = {isa = PBXBuildFile; fileRef = F9A9E07F2CE52E22003DB166 /* EventViewModel.swift */; };
		F9A9E0852CE563AA003DB166 /* ImageLoader.swift in Sources */ = {isa = PBXBuildFile; fileRef = F9A9E0842CE563AA003DB166 /* ImageLoader.swift */; };
		F9A9E0872CE564F1003DB166 /* ImagePrefetcher.swift in Sources */ = {isa = PBXBuildFile; fileRef = F9A9E0862CE564F1003DB166 /* ImagePrefetcher.swift */; };
		F9A9E08B2CE6703A003DB166 /* StretchyHeaderViewModifier.swift in Sources */ = {isa = PBXBuildFile; fileRef = F9A9E08A2CE6703A003DB166 /* StretchyHeaderViewModifier.swift */; };
		F9A9E08D2CE67432003DB166 /* DateExtensions.swift in Sources */ = {isa = PBXBuildFile; fileRef = F9A9E08C2CE67432003DB166 /* DateExtensions.swift */; };
		F9A9E09A2CE8A21C003DB166 /* DeveloperPreview.swift in Sources */ = {isa = PBXBuildFile; fileRef = F9A9E0992CE8A21C003DB166 /* DeveloperPreview.swift */; };
		F9A9E0AA2CEF8C7F003DB166 /* GalleryItemView.swift in Sources */ = {isa = PBXBuildFile; fileRef = F9A9E0A92CEF8C7F003DB166 /* GalleryItemView.swift */; };
		F9E699302D818CAA00B4A1E1 /* CameraCaptureButton.swift in Sources */ = {isa = PBXBuildFile; fileRef = F9E6992F2D818CAA00B4A1E1 /* CameraCaptureButton.swift */; };
		F9E699322D81C6B900B4A1E1 /* testtest.swift in Sources */ = {isa = PBXBuildFile; fileRef = F9E699312D81C6B900B4A1E1 /* testtest.swift */; };
		F9F3060C2D3FF3C400E41995 /* LoginResponseDto.swift in Sources */ = {isa = PBXBuildFile; fileRef = F9F3060B2D3FF3C400E41995 /* LoginResponseDto.swift */; };
		F9F3060E2D417EE400E41995 /* Credentials.swift in Sources */ = {isa = PBXBuildFile; fileRef = F9F3060D2D417EE400E41995 /* Credentials.swift */; };
		F9F306112D41A15100E41995 /* KeychainManager.swift in Sources */ = {isa = PBXBuildFile; fileRef = F9F306102D41A15100E41995 /* KeychainManager.swift */; };
		F9F306142D42912F00E41995 /* KeychainSwift in Frameworks */ = {isa = PBXBuildFile; productRef = F9F306132D42912F00E41995 /* KeychainSwift */; };
		F9F306172D42AC7300E41995 /* HomeScreen.swift in Sources */ = {isa = PBXBuildFile; fileRef = F9F306162D42AC7300E41995 /* HomeScreen.swift */; };
		F9F306192D42AE0C00E41995 /* HomeViewModel.swift in Sources */ = {isa = PBXBuildFile; fileRef = F9F306182D42AE0C00E41995 /* HomeViewModel.swift */; };
		F9F3061D2D42CABD00E41995 /* EventsDto.swift in Sources */ = {isa = PBXBuildFile; fileRef = F9F3061C2D42CABD00E41995 /* EventsDto.swift */; };
		F9F306202D437E9C00E41995 /* CreateEventRequest.swift in Sources */ = {isa = PBXBuildFile; fileRef = F9F3061F2D437E9C00E41995 /* CreateEventRequest.swift */; };
		F9F306252D44FC8000E41995 /* CreateEventInteractor.swift in Sources */ = {isa = PBXBuildFile; fileRef = F9F306242D44FC8000E41995 /* CreateEventInteractor.swift */; };
		F9F306262D44FC8000E41995 /* CreateEventViewModel.swift in Sources */ = {isa = PBXBuildFile; fileRef = F9F306232D44FC8000E41995 /* CreateEventViewModel.swift */; };
		F9F306272D44FC8000E41995 /* CreateEventScreen.swift in Sources */ = {isa = PBXBuildFile; fileRef = F9F306222D44FC8000E41995 /* CreateEventScreen.swift */; };
		F9F306292D4651A500E41995 /* CreateEventResponseDto.swift in Sources */ = {isa = PBXBuildFile; fileRef = F9F306282D4651A500E41995 /* CreateEventResponseDto.swift */; };
		F9F3062C2D46E85300E41995 /* MuxUploadSDK in Frameworks */ = {isa = PBXBuildFile; productRef = F9F3062B2D46E85300E41995 /* MuxUploadSDK */; };
		F9F3062F2D46F54500E41995 /* MuxUploadSdk.swift in Sources */ = {isa = PBXBuildFile; fileRef = F9F3062E2D46F54500E41995 /* MuxUploadSdk.swift */; };
/* End PBXBuildFile section */

/* Begin PBXCopyFilesBuildPhase section */
		F9A562622CBB9DDF00634C7A /* Embed App Clips */ = {
			isa = PBXCopyFilesBuildPhase;
			buildActionMask = 2147483647;
			dstPath = "$(CONTENTS_FOLDER_PATH)/AppClips";
			dstSubfolderSpec = 16;
			files = (
			);
			name = "Embed App Clips";
			runOnlyForDeploymentPostprocessing = 0;
		};
/* End PBXCopyFilesBuildPhase section */

/* Begin PBXFileReference section */
		2D9E3592D2DD2BA8C1AA897F /* Pods_SharedPods_CaptureVueAppClip.framework */ = {isa = PBXFileReference; explicitFileType = wrapper.framework; includeInIndex = 0; path = Pods_SharedPods_CaptureVueAppClip.framework; sourceTree = BUILT_PRODUCTS_DIR; };
		758F377F6F3AE5544EBC2AB5 /* Pods-SharedPods-CaptureVueAppClip.release.xcconfig */ = {isa = PBXFileReference; includeInIndex = 1; lastKnownFileType = text.xcconfig; name = "Pods-SharedPods-CaptureVueAppClip.release.xcconfig"; path = "Target Support Files/Pods-SharedPods-CaptureVueAppClip/Pods-SharedPods-CaptureVueAppClip.release.xcconfig"; sourceTree = "<group>"; };
		8AFD92558721D1028EB17997 /* Pods-SharedPods-CaptureVue.release.xcconfig */ = {isa = PBXFileReference; includeInIndex = 1; lastKnownFileType = text.xcconfig; name = "Pods-SharedPods-CaptureVue.release.xcconfig"; path = "Target Support Files/Pods-SharedPods-CaptureVue/Pods-SharedPods-CaptureVue.release.xcconfig"; sourceTree = "<group>"; };
		AE57C1641ABBD722CCDD3C4B /* Pods-SharedPods-CaptureVue.debug.xcconfig */ = {isa = PBXFileReference; includeInIndex = 1; lastKnownFileType = text.xcconfig; name = "Pods-SharedPods-CaptureVue.debug.xcconfig"; path = "Target Support Files/Pods-SharedPods-CaptureVue/Pods-SharedPods-CaptureVue.debug.xcconfig"; sourceTree = "<group>"; };
		B55DAC067026C587C6ABA373 /* Pods_SharedPods_CaptureVue.framework */ = {isa = PBXFileReference; explicitFileType = wrapper.framework; includeInIndex = 0; path = Pods_SharedPods_CaptureVue.framework; sourceTree = BUILT_PRODUCTS_DIR; };
		EF6DA8B05FD40FCA04A474D9 /* Pods-SharedPods-CaptureVueAppClip.debug.xcconfig */ = {isa = PBXFileReference; includeInIndex = 1; lastKnownFileType = text.xcconfig; name = "Pods-SharedPods-CaptureVueAppClip.debug.xcconfig"; path = "Target Support Files/Pods-SharedPods-CaptureVueAppClip/Pods-SharedPods-CaptureVueAppClip.debug.xcconfig"; sourceTree = "<group>"; };
		F927D19A2CF1B01500EB7650 /* VideoPlayerManager.swift */ = {isa = PBXFileReference; lastKnownFileType = sourcecode.swift; path = VideoPlayerManager.swift; sourceTree = "<group>"; };
		F927D19D2CF1F37000EB7650 /* CacheManager.swift */ = {isa = PBXFileReference; lastKnownFileType = sourcecode.swift; path = CacheManager.swift; sourceTree = "<group>"; };
		F94263682D76424900A55A15 /* SwipeBackModifier.swift */ = {isa = PBXFileReference; lastKnownFileType = sourcecode.swift; path = SwipeBackModifier.swift; sourceTree = "<group>"; };
		F942636A2D77862E00A55A15 /* HttpUrlResponseExtensions.swift */ = {isa = PBXFileReference; lastKnownFileType = sourcecode.swift; path = HttpUrlResponseExtensions.swift; sourceTree = "<group>"; };
		F942636C2D7F53E300A55A15 /* CameraView.swift */ = {isa = PBXFileReference; lastKnownFileType = sourcecode.swift; path = CameraView.swift; sourceTree = "<group>"; };
		F942636E2D7F543500A55A15 /* CameraTestView.swift */ = {isa = PBXFileReference; lastKnownFileType = sourcecode.swift; path = CameraTestView.swift; sourceTree = "<group>"; };
		F94263702D7F609800A55A15 /* CaptureCameraManager.swift */ = {isa = PBXFileReference; lastKnownFileType = sourcecode.swift; path = CaptureCameraManager.swift; sourceTree = "<group>"; };
		F9503ACB2CD821CA00DDD4F0 /* SystemProperties.swift */ = {isa = PBXFileReference; lastKnownFileType = sourcecode.swift; path = SystemProperties.swift; sourceTree = "<group>"; };
		F953B24C2CC827570058C2BD /* OnBoardingScreen.swift */ = {isa = PBXFileReference; lastKnownFileType = sourcecode.swift; path = OnBoardingScreen.swift; sourceTree = "<group>"; };
		F953B24E2CC8280C0058C2BD /* OnBoardingViewModel.swift */ = {isa = PBXFileReference; lastKnownFileType = sourcecode.swift; path = OnBoardingViewModel.swift; sourceTree = "<group>"; };
		F953B2622CD2A3BD0058C2BD /* QRCameraView.swift */ = {isa = PBXFileReference; lastKnownFileType = sourcecode.swift; path = QRCameraView.swift; sourceTree = "<group>"; };
		F953B2642CD2E9E00058C2BD /* QRCameraManager.swift */ = {isa = PBXFileReference; lastKnownFileType = sourcecode.swift; path = QRCameraManager.swift; sourceTree = "<group>"; };
		F953B2662CD3CDE20058C2BD /* PermissionAlertStatus.swift */ = {isa = PBXFileReference; lastKnownFileType = sourcecode.swift; path = PermissionAlertStatus.swift; sourceTree = "<group>"; };
		F953B2682CD6047D0058C2BD /* QRCodeIcon.swift */ = {isa = PBXFileReference; lastKnownFileType = sourcecode.swift; path = QRCodeIcon.swift; sourceTree = "<group>"; };
		F96982F22CF31B4E00CC3C55 /* StoryThumbnailView.swift */ = {isa = PBXFileReference; lastKnownFileType = sourcecode.swift; path = StoryThumbnailView.swift; sourceTree = "<group>"; };
		F96982F42CF31CA800CC3C55 /* StoryView.swift */ = {isa = PBXFileReference; lastKnownFileType = sourcecode.swift; path = StoryView.swift; sourceTree = "<group>"; };
		F96982F92CF3530D00CC3C55 /* GalleryListView.swift */ = {isa = PBXFileReference; lastKnownFileType = sourcecode.swift; path = GalleryListView.swift; sourceTree = "<group>"; };
		F96982FB2CF3537B00CC3C55 /* GalleryView.swift */ = {isa = PBXFileReference; lastKnownFileType = sourcecode.swift; path = GalleryView.swift; sourceTree = "<group>"; };
		F96982FF2CF5203500CC3C55 /* LoginScreen.swift */ = {isa = PBXFileReference; lastKnownFileType = sourcecode.swift; path = LoginScreen.swift; sourceTree = "<group>"; };
		F96983012CF5207C00CC3C55 /* LoginViewModel.swift */ = {isa = PBXFileReference; lastKnownFileType = sourcecode.swift; path = LoginViewModel.swift; sourceTree = "<group>"; };
		F96983052CF63E5A00CC3C55 /* VideoPlayerView.swift */ = {isa = PBXFileReference; lastKnownFileType = sourcecode.swift; path = VideoPlayerView.swift; sourceTree = "<group>"; };
		F980ED0D2D71F5A7003D8CAC /* UploadThumbnailUseCase.swift */ = {isa = PBXFileReference; lastKnownFileType = sourcecode.swift; path = UploadThumbnailUseCase.swift; sourceTree = "<group>"; };
		F99772242D4CCFEE00D14332 /* SwipeBackGestures.swift */ = {isa = PBXFileReference; lastKnownFileType = sourcecode.swift; path = SwipeBackGestures.swift; sourceTree = "<group>"; };
		F997722D2D5490ED00D14332 /* ValidateEvent.swift */ = {isa = PBXFileReference; lastKnownFileType = sourcecode.swift; path = ValidateEvent.swift; sourceTree = "<group>"; };
		F997722F2D54912F00D14332 /* Event.swift */ = {isa = PBXFileReference; lastKnownFileType = sourcecode.swift; path = Event.swift; sourceTree = "<group>"; };
		F99772312D54915500D14332 /* StoryItem.swift */ = {isa = PBXFileReference; lastKnownFileType = sourcecode.swift; path = StoryItem.swift; sourceTree = "<group>"; };
		F99772332D54917200D14332 /* StoryItemDto.swift */ = {isa = PBXFileReference; lastKnownFileType = sourcecode.swift; path = StoryItemDto.swift; sourceTree = "<group>"; };
		F99772352D54918A00D14332 /* GalleryItem.swift */ = {isa = PBXFileReference; lastKnownFileType = sourcecode.swift; path = GalleryItem.swift; sourceTree = "<group>"; };
		F99772372D5491AB00D14332 /* GalleryItemDto.swift */ = {isa = PBXFileReference; lastKnownFileType = sourcecode.swift; path = GalleryItemDto.swift; sourceTree = "<group>"; };
		F99772392D5491BD00D14332 /* Customer.swift */ = {isa = PBXFileReference; lastKnownFileType = sourcecode.swift; path = Customer.swift; sourceTree = "<group>"; };
		F997723B2D5491DE00D14332 /* CustomerDto.swift */ = {isa = PBXFileReference; lastKnownFileType = sourcecode.swift; path = CustomerDto.swift; sourceTree = "<group>"; };
		F997723D2D553E8900D14332 /* AwsDirectUploadUrlDto.swift */ = {isa = PBXFileReference; lastKnownFileType = sourcecode.swift; path = AwsDirectUploadUrlDto.swift; sourceTree = "<group>"; };
		F997736C2D565A9800D14332 /* TaskManager.swift */ = {isa = PBXFileReference; lastKnownFileType = sourcecode.swift; path = TaskManager.swift; sourceTree = "<group>"; };
		F997736E2D56664C00D14332 /* TemporaryHoldStructs.swift */ = {isa = PBXFileReference; lastKnownFileType = sourcecode.swift; path = TemporaryHoldStructs.swift; sourceTree = "<group>"; };
		F99773702D5BE4E600D14332 /* LocalNotificationManager.swift */ = {isa = PBXFileReference; lastKnownFileType = sourcecode.swift; path = LocalNotificationManager.swift; sourceTree = "<group>"; };
		F99773742D66309800D14332 /* LoginResponse.swift */ = {isa = PBXFileReference; lastKnownFileType = sourcecode.swift; path = LoginResponse.swift; sourceTree = "<group>"; };
		F99773772D6630D800D14332 /* LoginRequestBody.swift */ = {isa = PBXFileReference; lastKnownFileType = sourcecode.swift; path = LoginRequestBody.swift; sourceTree = "<group>"; };
		F997737E2D67967100D14332 /* FetchCustomerHomeUseCase.swift */ = {isa = PBXFileReference; lastKnownFileType = sourcecode.swift; path = FetchCustomerHomeUseCase.swift; sourceTree = "<group>"; };
		F99773812D6798A900D14332 /* CustomerRepositoryContract.swift */ = {isa = PBXFileReference; lastKnownFileType = sourcecode.swift; path = CustomerRepositoryContract.swift; sourceTree = "<group>"; };
		F99773832D6798C100D14332 /* CustomerRepository.swift */ = {isa = PBXFileReference; lastKnownFileType = sourcecode.swift; path = CustomerRepository.swift; sourceTree = "<group>"; };
		F99773852D6798D600D14332 /* CustomerApi.swift */ = {isa = PBXFileReference; lastKnownFileType = sourcecode.swift; path = CustomerApi.swift; sourceTree = "<group>"; };
		F99773872D67991B00D14332 /* CustomerRepositoryMock.swift */ = {isa = PBXFileReference; lastKnownFileType = sourcecode.swift; path = CustomerRepositoryMock.swift; sourceTree = "<group>"; };
		F99773892D67B08500D14332 /* HomeResponseDto.swift */ = {isa = PBXFileReference; lastKnownFileType = sourcecode.swift; path = HomeResponseDto.swift; sourceTree = "<group>"; };
		F997738C2D67B1C500D14332 /* HomeResponse.swift */ = {isa = PBXFileReference; lastKnownFileType = sourcecode.swift; path = HomeResponse.swift; sourceTree = "<group>"; };
		F997738F2D67D65000D14332 /* EventApi.swift */ = {isa = PBXFileReference; lastKnownFileType = sourcecode.swift; path = EventApi.swift; sourceTree = "<group>"; };
		F99773912D67D6A800D14332 /* EventRepository.swift */ = {isa = PBXFileReference; lastKnownFileType = sourcecode.swift; path = EventRepository.swift; sourceTree = "<group>"; };
		F99773932D67D6C000D14332 /* EventRepositoryContract.swift */ = {isa = PBXFileReference; lastKnownFileType = sourcecode.swift; path = EventRepositoryContract.swift; sourceTree = "<group>"; };
		F99773952D67D73C00D14332 /* ValidateEventUseCase.swift */ = {isa = PBXFileReference; lastKnownFileType = sourcecode.swift; path = ValidateEventUseCase.swift; sourceTree = "<group>"; };
		F99773972D67D75C00D14332 /* EventRepositoryMock.swift */ = {isa = PBXFileReference; lastKnownFileType = sourcecode.swift; path = EventRepositoryMock.swift; sourceTree = "<group>"; };
		F99773992D67DEDB00D14332 /* FetchEventUseCase.swift */ = {isa = PBXFileReference; lastKnownFileType = sourcecode.swift; path = FetchEventUseCase.swift; sourceTree = "<group>"; };
		F997739C2D6868E100D14332 /* GalleryRepositoryContract.swift */ = {isa = PBXFileReference; lastKnownFileType = sourcecode.swift; path = GalleryRepositoryContract.swift; sourceTree = "<group>"; };
		F997739E2D6868E100D14332 /* GalleryRepository.swift */ = {isa = PBXFileReference; lastKnownFileType = sourcecode.swift; path = GalleryRepository.swift; sourceTree = "<group>"; };
		F997739F2D6868E100D14332 /* GalleryApi.swift */ = {isa = PBXFileReference; lastKnownFileType = sourcecode.swift; path = GalleryApi.swift; sourceTree = "<group>"; };
		F99773A02D6868E100D14332 /* GalleryRepositoryMock.swift */ = {isa = PBXFileReference; lastKnownFileType = sourcecode.swift; path = GalleryRepositoryMock.swift; sourceTree = "<group>"; };
		F99773A72D686C0300D14332 /* CaptureVueError.swift */ = {isa = PBXFileReference; lastKnownFileType = sourcecode.swift; path = CaptureVueError.swift; sourceTree = "<group>"; };
		F99773AB2D686D6000D14332 /* AwsDirectUploadUrl.swift */ = {isa = PBXFileReference; lastKnownFileType = sourcecode.swift; path = AwsDirectUploadUrl.swift; sourceTree = "<group>"; };
		F99773AF2D6871ED00D14332 /* UploadServiceData.swift */ = {isa = PBXFileReference; lastKnownFileType = sourcecode.swift; path = UploadServiceData.swift; sourceTree = "<group>"; };
		F99773B22D68CE0300D14332 /* BaseViewModel.swift */ = {isa = PBXFileReference; lastKnownFileType = sourcecode.swift; path = BaseViewModel.swift; sourceTree = "<group>"; };
		F99773B42D68CE1F00D14332 /* BaseViewModelExtension.swift */ = {isa = PBXFileReference; lastKnownFileType = sourcecode.swift; path = BaseViewModelExtension.swift; sourceTree = "<group>"; };
		F99773B72D69196700D14332 /* SectionItem.swift */ = {isa = PBXFileReference; lastKnownFileType = sourcecode.swift; path = SectionItem.swift; sourceTree = "<group>"; };
		F99773B92D6919B900D14332 /* DoubleExtensions.swift */ = {isa = PBXFileReference; lastKnownFileType = sourcecode.swift; path = DoubleExtensions.swift; sourceTree = "<group>"; };
		F99773BB2D6919EA00D14332 /* ClickSectionAction.swift */ = {isa = PBXFileReference; lastKnownFileType = sourcecode.swift; path = ClickSectionAction.swift; sourceTree = "<group>"; };
		F99773BD2D691A2C00D14332 /* LeadingSectionIcon.swift */ = {isa = PBXFileReference; lastKnownFileType = sourcecode.swift; path = LeadingSectionIcon.swift; sourceTree = "<group>"; };
		F99773C02D6929EC00D14332 /* AuthRepositoryContract.swift */ = {isa = PBXFileReference; lastKnownFileType = sourcecode.swift; path = AuthRepositoryContract.swift; sourceTree = "<group>"; };
		F99773C42D692A0E00D14332 /* AuthRepository.swift */ = {isa = PBXFileReference; lastKnownFileType = sourcecode.swift; path = AuthRepository.swift; sourceTree = "<group>"; };
		F99773C62D692A2100D14332 /* AuthApi.swift */ = {isa = PBXFileReference; lastKnownFileType = sourcecode.swift; path = AuthApi.swift; sourceTree = "<group>"; };
		F99773C82D692A3200D14332 /* CredentialsLoginUseCase.swift */ = {isa = PBXFileReference; lastKnownFileType = sourcecode.swift; path = CredentialsLoginUseCase.swift; sourceTree = "<group>"; };
		F99773CA2D692A5800D14332 /* AuthRepositoryMock.swift */ = {isa = PBXFileReference; lastKnownFileType = sourcecode.swift; path = AuthRepositoryMock.swift; sourceTree = "<group>"; };
		F99773CC2D69BC3C00D14332 /* CreateEventResponse.swift */ = {isa = PBXFileReference; lastKnownFileType = sourcecode.swift; path = CreateEventResponse.swift; sourceTree = "<group>"; };
		F99773CE2D69D16700D14332 /* MultipartRequest.swift */ = {isa = PBXFileReference; lastKnownFileType = sourcecode.swift; path = MultipartRequest.swift; sourceTree = "<group>"; };
		F99773D02D6A719E00D14332 /* CreateEventUseCase.swift */ = {isa = PBXFileReference; lastKnownFileType = sourcecode.swift; path = CreateEventUseCase.swift; sourceTree = "<group>"; };
		F99773D82D6A7F2D00D14332 /* CopyTempFileUseCase.swift */ = {isa = PBXFileReference; lastKnownFileType = sourcecode.swift; path = CopyTempFileUseCase.swift; sourceTree = "<group>"; };
		F99773DC2D6A8EF500D14332 /* FileManager.swift */ = {isa = PBXFileReference; lastKnownFileType = sourcecode.swift; path = FileManager.swift; sourceTree = "<group>"; };
		F99773E02D6E266400D14332 /* PrepareUploadData.swift */ = {isa = PBXFileReference; lastKnownFileType = sourcecode.swift; path = PrepareUploadData.swift; sourceTree = "<group>"; };
		F99773E42D6E28FB00D14332 /* GetAwsDirectUploadUrlUseCase.swift */ = {isa = PBXFileReference; lastKnownFileType = sourcecode.swift; path = GetAwsDirectUploadUrlUseCase.swift; sourceTree = "<group>"; };
		F99773E82D6E616E00D14332 /* IntExtensions.swift */ = {isa = PBXFileReference; lastKnownFileType = sourcecode.swift; path = IntExtensions.swift; sourceTree = "<group>"; };
		F99773EA2D6E635700D14332 /* UploadAwsFileUseCase.swift */ = {isa = PBXFileReference; lastKnownFileType = sourcecode.swift; path = UploadAwsFileUseCase.swift; sourceTree = "<group>"; };
		F99773EC2D6E8A4B00D14332 /* NotifyNewAssetUseCase.swift */ = {isa = PBXFileReference; lastKnownFileType = sourcecode.swift; path = NotifyNewAssetUseCase.swift; sourceTree = "<group>"; };
		F99773EF2D6F2B4300D14332 /* AssetUploadHelper.swift */ = {isa = PBXFileReference; lastKnownFileType = sourcecode.swift; path = AssetUploadHelper.swift; sourceTree = "<group>"; };
		F99773F12D6F4FA400D14332 /* PrepareUploadFileUseCase.swift */ = {isa = PBXFileReference; lastKnownFileType = sourcecode.swift; path = PrepareUploadFileUseCase.swift; sourceTree = "<group>"; };
		F99773F32D6F5F1900D14332 /* GetPendingUploadFileUSeCase.swift */ = {isa = PBXFileReference; lastKnownFileType = sourcecode.swift; path = GetPendingUploadFileUSeCase.swift; sourceTree = "<group>"; };
		F99773F52D6F6D4200D14332 /* DeleteTempFileUseCase.swift */ = {isa = PBXFileReference; lastKnownFileType = sourcecode.swift; path = DeleteTempFileUseCase.swift; sourceTree = "<group>"; };
		F99773F72D71BFCA00D14332 /* GetThumbnailFromVideoUseCase.swift */ = {isa = PBXFileReference; lastKnownFileType = sourcecode.swift; path = GetThumbnailFromVideoUseCase.swift; sourceTree = "<group>"; };
		F9995E8C2CBC4DB100909E85 /* GoogleService-Info.plist */ = {isa = PBXFileReference; lastKnownFileType = text.plist.xml; path = "GoogleService-Info.plist"; sourceTree = "<group>"; };
		F9A561E22CB5BD5E00634C7A /* CaptureVue.app */ = {isa = PBXFileReference; explicitFileType = wrapper.application; includeInIndex = 0; path = CaptureVue.app; sourceTree = BUILT_PRODUCTS_DIR; };
		F9A561E52CB5BD5E00634C7A /* CaptureVueApp.swift */ = {isa = PBXFileReference; lastKnownFileType = sourcecode.swift; path = CaptureVueApp.swift; sourceTree = "<group>"; };
		F9A561E92CB5BD6000634C7A /* Assets.xcassets */ = {isa = PBXFileReference; lastKnownFileType = folder.assetcatalog; path = Assets.xcassets; sourceTree = "<group>"; };
		F9A561EC2CB5BD6000634C7A /* Preview Assets.xcassets */ = {isa = PBXFileReference; lastKnownFileType = folder.assetcatalog; path = "Preview Assets.xcassets"; sourceTree = "<group>"; };
		F9A562102CB711E700634C7A /* Info.plist */ = {isa = PBXFileReference; lastKnownFileType = text.plist; path = Info.plist; sourceTree = "<group>"; };
		F9A562152CB714EE00634C7A /* Ubuntu-Bold.ttf */ = {isa = PBXFileReference; lastKnownFileType = file; path = "Ubuntu-Bold.ttf"; sourceTree = "<group>"; };
		F9A562162CB714EE00634C7A /* Ubuntu-Light.ttf */ = {isa = PBXFileReference; lastKnownFileType = file; path = "Ubuntu-Light.ttf"; sourceTree = "<group>"; };
		F9A562172CB714EE00634C7A /* Ubuntu-Regular.ttf */ = {isa = PBXFileReference; lastKnownFileType = file; path = "Ubuntu-Regular.ttf"; sourceTree = "<group>"; };
		F9A562182CB714EE00634C7A /* Ubuntu-Medium.ttf */ = {isa = PBXFileReference; lastKnownFileType = file; path = "Ubuntu-Medium.ttf"; sourceTree = "<group>"; };
		F9A562292CB71ADC00634C7A /* swiftgen.yml */ = {isa = PBXFileReference; fileEncoding = 4; lastKnownFileType = text.yaml; path = swiftgen.yml; sourceTree = "<group>"; };
		F9A5622C2CB71B0500634C7A /* Assets.swift */ = {isa = PBXFileReference; fileEncoding = 4; lastKnownFileType = sourcecode.swift; path = Assets.swift; sourceTree = "<group>"; };
		F9A5622D2CB71B0500634C7A /* Fonts.swift */ = {isa = PBXFileReference; fileEncoding = 4; lastKnownFileType = sourcecode.swift; path = Fonts.swift; sourceTree = "<group>"; };
		F9A562312CB71CDC00634C7A /* Typography.swift */ = {isa = PBXFileReference; lastKnownFileType = sourcecode.swift; path = Typography.swift; sourceTree = "<group>"; };
		F9A562372CB72E6E00634C7A /* en */ = {isa = PBXFileReference; lastKnownFileType = text.plist.strings; name = en; path = en.lproj/Localizable.strings; sourceTree = "<group>"; };
		F9A562392CB72E7200634C7A /* el */ = {isa = PBXFileReference; lastKnownFileType = text.plist.strings; name = el; path = el.lproj/Localizable.strings; sourceTree = "<group>"; };
		F9A5623A2CB72F4F00634C7A /* Strings.swift */ = {isa = PBXFileReference; fileEncoding = 4; lastKnownFileType = sourcecode.swift; path = Strings.swift; sourceTree = "<group>"; };
		F9A5623D2CBA8D5A00634C7A /* SplashScreen.swift */ = {isa = PBXFileReference; lastKnownFileType = sourcecode.swift; path = SplashScreen.swift; sourceTree = "<group>"; };
		F9A562432CBABA4200634C7A /* SplashViewModel.swift */ = {isa = PBXFileReference; lastKnownFileType = sourcecode.swift; path = SplashViewModel.swift; sourceTree = "<group>"; };
		F9A562492CBABD1900634C7A /* NetworkClient.swift */ = {isa = PBXFileReference; lastKnownFileType = sourcecode.swift; path = NetworkClient.swift; sourceTree = "<group>"; };
		F9A562512CBB9DDD00634C7A /* CaptureVueAppClipApp.swift */ = {isa = PBXFileReference; lastKnownFileType = sourcecode.swift; path = CaptureVueAppClipApp.swift; sourceTree = "<group>"; };
		F9A562532CBB9DDD00634C7A /* ContentView.swift */ = {isa = PBXFileReference; lastKnownFileType = sourcecode.swift; path = ContentView.swift; sourceTree = "<group>"; };
		F9A562552CBB9DDF00634C7A /* Assets.xcassets */ = {isa = PBXFileReference; lastKnownFileType = folder.assetcatalog; path = Assets.xcassets; sourceTree = "<group>"; };
		F9A562582CBB9DDF00634C7A /* Preview Assets.xcassets */ = {isa = PBXFileReference; lastKnownFileType = folder.assetcatalog; path = "Preview Assets.xcassets"; sourceTree = "<group>"; };
		F9A5625A2CBB9DDF00634C7A /* Info.plist */ = {isa = PBXFileReference; lastKnownFileType = text.plist.xml; path = Info.plist; sourceTree = "<group>"; };
		F9A5625B2CBB9DDF00634C7A /* CaptureVueAppClip.entitlements */ = {isa = PBXFileReference; lastKnownFileType = text.plist.entitlements; path = CaptureVueAppClip.entitlements; sourceTree = "<group>"; };
		F9A9E0692CDFC224003DB166 /* ViewExtensions.swift */ = {isa = PBXFileReference; lastKnownFileType = sourcecode.swift; path = ViewExtensions.swift; sourceTree = "<group>"; };
		F9A9E06D2CDFC584003DB166 /* Banner.swift */ = {isa = PBXFileReference; lastKnownFileType = sourcecode.swift; path = Banner.swift; sourceTree = "<group>"; };
		F9A9E06F2CE0A684003DB166 /* Keyboard.swift */ = {isa = PBXFileReference; lastKnownFileType = sourcecode.swift; path = Keyboard.swift; sourceTree = "<group>"; };
		F9A9E0712CE0C9F7003DB166 /* QRCodeScannerScreen.swift */ = {isa = PBXFileReference; lastKnownFileType = sourcecode.swift; path = QRCodeScannerScreen.swift; sourceTree = "<group>"; };
		F9A9E0742CE2AF43003DB166 /* EventDto.swift */ = {isa = PBXFileReference; lastKnownFileType = sourcecode.swift; path = EventDto.swift; sourceTree = "<group>"; };
		F9A9E0762CE2B273003DB166 /* ValidateEventDto.swift */ = {isa = PBXFileReference; lastKnownFileType = sourcecode.swift; path = ValidateEventDto.swift; sourceTree = "<group>"; };
		F9A9E07A2CE2B4AF003DB166 /* CaptureVueResponseRaw.swift */ = {isa = PBXFileReference; lastKnownFileType = sourcecode.swift; path = CaptureVueResponseRaw.swift; sourceTree = "<group>"; };
		F9A9E07D2CE52E10003DB166 /* EventScreen.swift */ = {isa = PBXFileReference; lastKnownFileType = sourcecode.swift; path = EventScreen.swift; sourceTree = "<group>"; };
		F9A9E07F2CE52E22003DB166 /* EventViewModel.swift */ = {isa = PBXFileReference; lastKnownFileType = sourcecode.swift; path = EventViewModel.swift; sourceTree = "<group>"; };
		F9A9E0842CE563AA003DB166 /* ImageLoader.swift */ = {isa = PBXFileReference; lastKnownFileType = sourcecode.swift; path = ImageLoader.swift; sourceTree = "<group>"; };
		F9A9E0862CE564F1003DB166 /* ImagePrefetcher.swift */ = {isa = PBXFileReference; lastKnownFileType = sourcecode.swift; path = ImagePrefetcher.swift; sourceTree = "<group>"; };
		F9A9E08A2CE6703A003DB166 /* StretchyHeaderViewModifier.swift */ = {isa = PBXFileReference; lastKnownFileType = sourcecode.swift; path = StretchyHeaderViewModifier.swift; sourceTree = "<group>"; };
		F9A9E08C2CE67432003DB166 /* DateExtensions.swift */ = {isa = PBXFileReference; lastKnownFileType = sourcecode.swift; path = DateExtensions.swift; sourceTree = "<group>"; };
		F9A9E0992CE8A21C003DB166 /* DeveloperPreview.swift */ = {isa = PBXFileReference; lastKnownFileType = sourcecode.swift; path = DeveloperPreview.swift; sourceTree = "<group>"; };
		F9A9E0A92CEF8C7F003DB166 /* GalleryItemView.swift */ = {isa = PBXFileReference; lastKnownFileType = sourcecode.swift; path = GalleryItemView.swift; sourceTree = "<group>"; };
		F9E6992F2D818CAA00B4A1E1 /* CameraCaptureButton.swift */ = {isa = PBXFileReference; lastKnownFileType = sourcecode.swift; path = CameraCaptureButton.swift; sourceTree = "<group>"; };
		F9E699312D81C6B900B4A1E1 /* testtest.swift */ = {isa = PBXFileReference; lastKnownFileType = sourcecode.swift; path = testtest.swift; sourceTree = "<group>"; };
		F9F3060B2D3FF3C400E41995 /* LoginResponseDto.swift */ = {isa = PBXFileReference; lastKnownFileType = sourcecode.swift; path = LoginResponseDto.swift; sourceTree = "<group>"; };
		F9F3060D2D417EE400E41995 /* Credentials.swift */ = {isa = PBXFileReference; lastKnownFileType = sourcecode.swift; path = Credentials.swift; sourceTree = "<group>"; };
		F9F306102D41A15100E41995 /* KeychainManager.swift */ = {isa = PBXFileReference; lastKnownFileType = sourcecode.swift; path = KeychainManager.swift; sourceTree = "<group>"; };
		F9F306162D42AC7300E41995 /* HomeScreen.swift */ = {isa = PBXFileReference; lastKnownFileType = sourcecode.swift; path = HomeScreen.swift; sourceTree = "<group>"; };
		F9F306182D42AE0C00E41995 /* HomeViewModel.swift */ = {isa = PBXFileReference; lastKnownFileType = sourcecode.swift; path = HomeViewModel.swift; sourceTree = "<group>"; };
		F9F3061C2D42CABD00E41995 /* EventsDto.swift */ = {isa = PBXFileReference; lastKnownFileType = sourcecode.swift; path = EventsDto.swift; sourceTree = "<group>"; };
		F9F3061F2D437E9C00E41995 /* CreateEventRequest.swift */ = {isa = PBXFileReference; lastKnownFileType = sourcecode.swift; path = CreateEventRequest.swift; sourceTree = "<group>"; };
		F9F306222D44FC8000E41995 /* CreateEventScreen.swift */ = {isa = PBXFileReference; lastKnownFileType = sourcecode.swift; path = CreateEventScreen.swift; sourceTree = "<group>"; };
		F9F306232D44FC8000E41995 /* CreateEventViewModel.swift */ = {isa = PBXFileReference; lastKnownFileType = sourcecode.swift; path = CreateEventViewModel.swift; sourceTree = "<group>"; };
		F9F306242D44FC8000E41995 /* CreateEventInteractor.swift */ = {isa = PBXFileReference; lastKnownFileType = sourcecode.swift; path = CreateEventInteractor.swift; sourceTree = "<group>"; };
		F9F306282D4651A500E41995 /* CreateEventResponseDto.swift */ = {isa = PBXFileReference; lastKnownFileType = sourcecode.swift; path = CreateEventResponseDto.swift; sourceTree = "<group>"; };
		F9F3062E2D46F54500E41995 /* MuxUploadSdk.swift */ = {isa = PBXFileReference; lastKnownFileType = sourcecode.swift; path = MuxUploadSdk.swift; sourceTree = "<group>"; };
/* End PBXFileReference section */

/* Begin PBXFrameworksBuildPhase section */
		F9A561DF2CB5BD5E00634C7A /* Frameworks */ = {
			isa = PBXFrameworksBuildPhase;
			buildActionMask = 2147483647;
			files = (
				F9F306142D42912F00E41995 /* KeychainSwift in Frameworks */,
				F9A561F52CB5C34E00634C7A /* SwiftfulRouting in Frameworks */,
				F9F3062C2D46E85300E41995 /* MuxUploadSDK in Frameworks */,
				F966BA672CBD91B6000863F2 /* FirebaseCrashlytics in Frameworks */,
				F966BA652CBD91B6000863F2 /* FirebaseAnalytics in Frameworks */,
				699E42A99FF6384630584121 /* Pods_SharedPods_CaptureVue.framework in Frameworks */,
				F96A6D4E2CC1B9A3001C1E85 /* Kingfisher in Frameworks */,
			);
			runOnlyForDeploymentPostprocessing = 0;
		};
/* End PBXFrameworksBuildPhase section */

/* Begin PBXGroup section */
		179285FA11B373990493C867 /* Frameworks */ = {
			isa = PBXGroup;
			children = (
				B55DAC067026C587C6ABA373 /* Pods_SharedPods_CaptureVue.framework */,
				2D9E3592D2DD2BA8C1AA897F /* Pods_SharedPods_CaptureVueAppClip.framework */,
			);
			name = Frameworks;
			sourceTree = "<group>";
		};
		43D61A224B7B74C52C56E12C /* Pods */ = {
			isa = PBXGroup;
			children = (
				AE57C1641ABBD722CCDD3C4B /* Pods-SharedPods-CaptureVue.debug.xcconfig */,
				8AFD92558721D1028EB17997 /* Pods-SharedPods-CaptureVue.release.xcconfig */,
				EF6DA8B05FD40FCA04A474D9 /* Pods-SharedPods-CaptureVueAppClip.debug.xcconfig */,
				758F377F6F3AE5544EBC2AB5 /* Pods-SharedPods-CaptureVueAppClip.release.xcconfig */,
			);
			path = Pods;
			sourceTree = "<group>";
		};
		F927D1992CF1AFFC00EB7650 /* VideoPlayer */ = {
			isa = PBXGroup;
			children = (
				F927D19A2CF1B01500EB7650 /* VideoPlayerManager.swift */,
				F96983052CF63E5A00CC3C55 /* VideoPlayerView.swift */,
			);
			path = VideoPlayer;
			sourceTree = "<group>";
		};
		F927D19C2CF1F36300EB7650 /* Cache */ = {
			isa = PBXGroup;
			children = (
				F927D19D2CF1F37000EB7650 /* CacheManager.swift */,
			);
			path = Cache;
			sourceTree = "<group>";
		};
		F94263672D7641F900A55A15 /* New Group */ = {
			isa = PBXGroup;
			children = (
			);
			path = "New Group";
			sourceTree = "<group>";
		};
		F9503AC82CD6C5E000DDD4F0 /* Utilities */ = {
			isa = PBXGroup;
			children = (
				F94263672D7641F900A55A15 /* New Group */,
				F99773DB2D6A8EE600D14332 /* FileManager */,
				F99773D32D6A7C1000D14332 /* UseCases */,
				F99773B62D69195400D14332 /* SectionItem */,
				F99773B12D68CA7B00D14332 /* BaseViewModel */,
				F997737C2D67957A00D14332 /* Interactors */,
				F997736B2D565A8800D14332 /* TaskManager */,
				F99772222D4CCFD700D14332 /* SwipeBackGestures */,
				F9F3062D2D46F50500E41995 /* Mux SDK */,
				F9F3060F2D41A14900E41995 /* Keychain */,
				F9A9E0832CE5638E003DB166 /* Images */,
				F927D19C2CF1F36300EB7650 /* Cache */,
				F927D1992CF1AFFC00EB7650 /* VideoPlayer */,
				F953B25D2CC96C130058C2BD /* Camera */,
				F9503AC92CD6C5ED00DDD4F0 /* Networking */,
			);
			path = Utilities;
			sourceTree = "<group>";
		};
		F9503AC92CD6C5ED00DDD4F0 /* Networking */ = {
			isa = PBXGroup;
			children = (
				F99773CE2D69D16700D14332 /* MultipartRequest.swift */,
				F9A562492CBABD1900634C7A /* NetworkClient.swift */,
			);
			path = Networking;
			sourceTree = "<group>";
		};
		F9503ACA2CD821BF00DDD4F0 /* System */ = {
			isa = PBXGroup;
			children = (
				F9503ACB2CD821CA00DDD4F0 /* SystemProperties.swift */,
			);
			path = System;
			sourceTree = "<group>";
		};
		F953B24B2CC8274B0058C2BD /* OnBoarding */ = {
			isa = PBXGroup;
			children = (
				F953B24C2CC827570058C2BD /* OnBoardingScreen.swift */,
				F953B24E2CC8280C0058C2BD /* OnBoardingViewModel.swift */,
				F9A9E06D2CDFC584003DB166 /* Banner.swift */,
			);
			path = OnBoarding;
			sourceTree = "<group>";
		};
		F953B25D2CC96C130058C2BD /* Camera */ = {
			isa = PBXGroup;
			children = (
				F94263702D7F609800A55A15 /* CaptureCameraManager.swift */,
				F953B2662CD3CDE20058C2BD /* PermissionAlertStatus.swift */,
				F953B2622CD2A3BD0058C2BD /* QRCameraView.swift */,
				F953B2642CD2E9E00058C2BD /* QRCameraManager.swift */,
				F953B2682CD6047D0058C2BD /* QRCodeIcon.swift */,
				F9A9E0712CE0C9F7003DB166 /* QRCodeScannerScreen.swift */,
				F942636C2D7F53E300A55A15 /* CameraView.swift */,
				F942636E2D7F543500A55A15 /* CameraTestView.swift */,
				F9E6992F2D818CAA00B4A1E1 /* CameraCaptureButton.swift */,
				F9E699312D81C6B900B4A1E1 /* testtest.swift */,
			);
			path = Camera;
			sourceTree = "<group>";
		};
		F96982F12CF31B4500CC3C55 /* Stories */ = {
			isa = PBXGroup;
			children = (
				F96982F42CF31CA800CC3C55 /* StoryView.swift */,
				F96982F22CF31B4E00CC3C55 /* StoryThumbnailView.swift */,
			);
			path = Stories;
			sourceTree = "<group>";
		};
		F96982F62CF352ED00CC3C55 /* Gallery */ = {
			isa = PBXGroup;
			children = (
				F96982FB2CF3537B00CC3C55 /* GalleryView.swift */,
				F96982F92CF3530D00CC3C55 /* GalleryListView.swift */,
			);
			path = Gallery;
			sourceTree = "<group>";
		};
		F96982FE2CF5201100CC3C55 /* Login */ = {
			isa = PBXGroup;
			children = (
				F96982FF2CF5203500CC3C55 /* LoginScreen.swift */,
				F96983012CF5207C00CC3C55 /* LoginViewModel.swift */,
			);
			path = Login;
			sourceTree = "<group>";
		};
		F99772222D4CCFD700D14332 /* SwipeBackGestures */ = {
			isa = PBXGroup;
			children = (
				F99772242D4CCFEE00D14332 /* SwipeBackGestures.swift */,
				F94263682D76424900A55A15 /* SwipeBackModifier.swift */,
			);
			path = SwipeBackGestures;
			sourceTree = "<group>";
		};
		F99772262D54074300D14332 /* Event */ = {
			isa = PBXGroup;
			children = (
				F997722F2D54912F00D14332 /* Event.swift */,
				F9A9E0742CE2AF43003DB166 /* EventDto.swift */,
			);
			path = Event;
			sourceTree = "<group>";
		};
		F99772272D54074B00D14332 /* ValidateEvent */ = {
			isa = PBXGroup;
			children = (
				F997722D2D5490ED00D14332 /* ValidateEvent.swift */,
				F9A9E0762CE2B273003DB166 /* ValidateEventDto.swift */,
			);
			path = ValidateEvent;
			sourceTree = "<group>";
		};
		F997722A2D54901800D14332 /* Story */ = {
			isa = PBXGroup;
			children = (
				F99772312D54915500D14332 /* StoryItem.swift */,
				F99772332D54917200D14332 /* StoryItemDto.swift */,
			);
			path = Story;
			sourceTree = "<group>";
		};
		F997722B2D54901F00D14332 /* Gallery */ = {
			isa = PBXGroup;
			children = (
				F99772352D54918A00D14332 /* GalleryItem.swift */,
				F99772372D5491AB00D14332 /* GalleryItemDto.swift */,
			);
			path = Gallery;
			sourceTree = "<group>";
		};
		F997722C2D54903400D14332 /* Customer */ = {
			isa = PBXGroup;
			children = (
				F99772392D5491BD00D14332 /* Customer.swift */,
				F997723B2D5491DE00D14332 /* CustomerDto.swift */,
			);
			path = Customer;
			sourceTree = "<group>";
		};
		F997736B2D565A8800D14332 /* TaskManager */ = {
			isa = PBXGroup;
			children = (
				F997736C2D565A9800D14332 /* TaskManager.swift */,
			);
			path = TaskManager;
			sourceTree = "<group>";
		};
		F997737C2D67957A00D14332 /* Interactors */ = {
			isa = PBXGroup;
			children = (
				F99773BF2D6929E300D14332 /* Authentication */,
				F997739B2D6868CF00D14332 /* Gallery */,
				F997738E2D67D63600D14332 /* Event */,
				F99773802D67968200D14332 /* Home */,
			);
			path = Interactors;
			sourceTree = "<group>";
		};
		F99773802D67968200D14332 /* Home */ = {
			isa = PBXGroup;
			children = (
				F99773812D6798A900D14332 /* CustomerRepositoryContract.swift */,
				F99773832D6798C100D14332 /* CustomerRepository.swift */,
				F99773852D6798D600D14332 /* CustomerApi.swift */,
				F99773872D67991B00D14332 /* CustomerRepositoryMock.swift */,
			);
			path = Home;
			sourceTree = "<group>";
		};
		F997738B2D67B1BA00D14332 /* Home */ = {
			isa = PBXGroup;
			children = (
				F997738C2D67B1C500D14332 /* HomeResponse.swift */,
				F99773892D67B08500D14332 /* HomeResponseDto.swift */,
			);
			path = Home;
			sourceTree = "<group>";
		};
		F997738E2D67D63600D14332 /* Event */ = {
			isa = PBXGroup;
			children = (
				F99773932D67D6C000D14332 /* EventRepositoryContract.swift */,
				F99773912D67D6A800D14332 /* EventRepository.swift */,
				F997738F2D67D65000D14332 /* EventApi.swift */,
				F99773972D67D75C00D14332 /* EventRepositoryMock.swift */,
			);
			path = Event;
			sourceTree = "<group>";
		};
		F997739B2D6868CF00D14332 /* Gallery */ = {
			isa = PBXGroup;
			children = (
				F997739C2D6868E100D14332 /* GalleryRepositoryContract.swift */,
				F997739E2D6868E100D14332 /* GalleryRepository.swift */,
				F997739F2D6868E100D14332 /* GalleryApi.swift */,
				F99773A02D6868E100D14332 /* GalleryRepositoryMock.swift */,
			);
			path = Gallery;
			sourceTree = "<group>";
		};
		F99773A62D686BE900D14332 /* CaptureVueError */ = {
			isa = PBXGroup;
			children = (
				F99773A72D686C0300D14332 /* CaptureVueError.swift */,
				F9A9E07A2CE2B4AF003DB166 /* CaptureVueResponseRaw.swift */,
			);
			path = CaptureVueError;
			sourceTree = "<group>";
		};
		F99773A92D686C5700D14332 /* Login */ = {
			isa = PBXGroup;
			children = (
				F99773742D66309800D14332 /* LoginResponse.swift */,
				F9F3060B2D3FF3C400E41995 /* LoginResponseDto.swift */,
				F9F3060D2D417EE400E41995 /* Credentials.swift */,
				F99773772D6630D800D14332 /* LoginRequestBody.swift */,
			);
			path = Login;
			sourceTree = "<group>";
		};
		F99773AD2D686DC000D14332 /* AwsDirectUploadUrl */ = {
			isa = PBXGroup;
			children = (
				F997723D2D553E8900D14332 /* AwsDirectUploadUrlDto.swift */,
				F99773AB2D686D6000D14332 /* AwsDirectUploadUrl.swift */,
			);
			path = AwsDirectUploadUrl;
			sourceTree = "<group>";
		};
		F99773AE2D6871D900D14332 /* UploadServiceData */ = {
			isa = PBXGroup;
			children = (
				F99773E02D6E266400D14332 /* PrepareUploadData.swift */,
				F99773AF2D6871ED00D14332 /* UploadServiceData.swift */,
			);
			path = UploadServiceData;
			sourceTree = "<group>";
		};
		F99773B12D68CA7B00D14332 /* BaseViewModel */ = {
			isa = PBXGroup;
			children = (
				F99773B22D68CE0300D14332 /* BaseViewModel.swift */,
				F99773B42D68CE1F00D14332 /* BaseViewModelExtension.swift */,
			);
			path = BaseViewModel;
			sourceTree = "<group>";
		};
		F99773B62D69195400D14332 /* SectionItem */ = {
			isa = PBXGroup;
			children = (
				F99773BD2D691A2C00D14332 /* LeadingSectionIcon.swift */,
				F99773BB2D6919EA00D14332 /* ClickSectionAction.swift */,
				F99773B72D69196700D14332 /* SectionItem.swift */,
			);
			path = SectionItem;
			sourceTree = "<group>";
		};
		F99773BF2D6929E300D14332 /* Authentication */ = {
			isa = PBXGroup;
			children = (
				F99773C02D6929EC00D14332 /* AuthRepositoryContract.swift */,
				F99773C42D692A0E00D14332 /* AuthRepository.swift */,
				F99773C62D692A2100D14332 /* AuthApi.swift */,
				F99773CA2D692A5800D14332 /* AuthRepositoryMock.swift */,
			);
			path = Authentication;
			sourceTree = "<group>";
		};
		F99773D32D6A7C1000D14332 /* UseCases */ = {
			isa = PBXGroup;
			children = (
				F99773EE2D6F2B3200D14332 /* AssetUploadHelper */,
				F99773D42D6A7C7C00D14332 /* Authentication */,
				F99773D52D6A7C8600D14332 /* Gallery */,
				F99773D62D6A7C8C00D14332 /* Event */,
				F99773D72D6A7C9300D14332 /* Home */,
			);
			path = UseCases;
			sourceTree = "<group>";
		};
		F99773D42D6A7C7C00D14332 /* Authentication */ = {
			isa = PBXGroup;
			children = (
				F99773C82D692A3200D14332 /* CredentialsLoginUseCase.swift */,
				F99773952D67D73C00D14332 /* ValidateEventUseCase.swift */,
				F99773D02D6A719E00D14332 /* CreateEventUseCase.swift */,
			);
			path = Authentication;
			sourceTree = "<group>";
		};
		F99773D52D6A7C8600D14332 /* Gallery */ = {
			isa = PBXGroup;
			children = (
				F99773D82D6A7F2D00D14332 /* CopyTempFileUseCase.swift */,
				F99773E42D6E28FB00D14332 /* GetAwsDirectUploadUrlUseCase.swift */,
				F99773EA2D6E635700D14332 /* UploadAwsFileUseCase.swift */,
				F99773EC2D6E8A4B00D14332 /* NotifyNewAssetUseCase.swift */,
				F99773F12D6F4FA400D14332 /* PrepareUploadFileUseCase.swift */,
				F99773F32D6F5F1900D14332 /* GetPendingUploadFileUSeCase.swift */,
				F99773F52D6F6D4200D14332 /* DeleteTempFileUseCase.swift */,
				F99773F72D71BFCA00D14332 /* GetThumbnailFromVideoUseCase.swift */,
				F980ED0D2D71F5A7003D8CAC /* UploadThumbnailUseCase.swift */,
			);
			path = Gallery;
			sourceTree = "<group>";
		};
		F99773D62D6A7C8C00D14332 /* Event */ = {
			isa = PBXGroup;
			children = (
				F99773992D67DEDB00D14332 /* FetchEventUseCase.swift */,
			);
			path = Event;
			sourceTree = "<group>";
		};
		F99773D72D6A7C9300D14332 /* Home */ = {
			isa = PBXGroup;
			children = (
				F997737E2D67967100D14332 /* FetchCustomerHomeUseCase.swift */,
			);
			path = Home;
			sourceTree = "<group>";
		};
		F99773DA2D6A8E5D00D14332 /* CreateEvent */ = {
			isa = PBXGroup;
			children = (
				F9F3061F2D437E9C00E41995 /* CreateEventRequest.swift */,
				F99773CC2D69BC3C00D14332 /* CreateEventResponse.swift */,
				F9F306282D4651A500E41995 /* CreateEventResponseDto.swift */,
			);
			path = CreateEvent;
			sourceTree = "<group>";
		};
		F99773DB2D6A8EE600D14332 /* FileManager */ = {
			isa = PBXGroup;
			children = (
				F99773DC2D6A8EF500D14332 /* FileManager.swift */,
			);
			path = FileManager;
			sourceTree = "<group>";
		};
		F99773EE2D6F2B3200D14332 /* AssetUploadHelper */ = {
			isa = PBXGroup;
			children = (
				F99773EF2D6F2B4300D14332 /* AssetUploadHelper.swift */,
			);
			path = AssetUploadHelper;
			sourceTree = "<group>";
		};
		F9A561D92CB5BD5E00634C7A = {
			isa = PBXGroup;
			children = (
				F9A5622B2CB71B0500634C7A /* Generated */,
				F9A562292CB71ADC00634C7A /* swiftgen.yml */,
				F9A561E42CB5BD5E00634C7A /* CaptureVue */,
				F9A561E32CB5BD5E00634C7A /* Products */,
				43D61A224B7B74C52C56E12C /* Pods */,
				F9A562502CBB9DDD00634C7A /* CaptureVueAppClip */,
				179285FA11B373990493C867 /* Frameworks */,
			);
			sourceTree = "<group>";
		};
		F9A561E32CB5BD5E00634C7A /* Products */ = {
			isa = PBXGroup;
			children = (
				F9A561E22CB5BD5E00634C7A /* CaptureVue.app */,
			);
			name = Products;
			sourceTree = "<group>";
		};
		F9A561E42CB5BD5E00634C7A /* CaptureVue */ = {
			isa = PBXGroup;
			children = (
				F9A9E0732CE2AF39003DB166 /* Models */,
				F9A9E0682CDFC211003DB166 /* Extensions */,
				F9503ACA2CD821BF00DDD4F0 /* System */,
				F9A562332CB72E3100634C7A /* Strings */,
				F9A562302CB71CCC00634C7A /* Theme */,
				F9A5620B2CB7116C00634C7A /* Fonts */,
				F9503AC82CD6C5E000DDD4F0 /* Utilities */,
				F9A5623C2CBA8D1000634C7A /* Screens */,
				F9A561E52CB5BD5E00634C7A /* CaptureVueApp.swift */,
				F9A561E92CB5BD6000634C7A /* Assets.xcassets */,
				F9A562102CB711E700634C7A /* Info.plist */,
				F9995E8C2CBC4DB100909E85 /* GoogleService-Info.plist */,
				F9A561EB2CB5BD6000634C7A /* Preview Content */,
				F997736E2D56664C00D14332 /* TemporaryHoldStructs.swift */,
			);
			path = CaptureVue;
			sourceTree = "<group>";
		};
		F9A561EB2CB5BD6000634C7A /* Preview Content */ = {
			isa = PBXGroup;
			children = (
				F9A561EC2CB5BD6000634C7A /* Preview Assets.xcassets */,
			);
			path = "Preview Content";
			sourceTree = "<group>";
		};
		F9A5620B2CB7116C00634C7A /* Fonts */ = {
			isa = PBXGroup;
			children = (
				F9A562152CB714EE00634C7A /* Ubuntu-Bold.ttf */,
				F9A562162CB714EE00634C7A /* Ubuntu-Light.ttf */,
				F9A562182CB714EE00634C7A /* Ubuntu-Medium.ttf */,
				F9A562172CB714EE00634C7A /* Ubuntu-Regular.ttf */,
			);
			path = Fonts;
			sourceTree = "<group>";
		};
		F9A5622B2CB71B0500634C7A /* Generated */ = {
			isa = PBXGroup;
			children = (
				F9A5622C2CB71B0500634C7A /* Assets.swift */,
				F9A5622D2CB71B0500634C7A /* Fonts.swift */,
				F9A5623A2CB72F4F00634C7A /* Strings.swift */,
			);
			path = Generated;
			sourceTree = "<group>";
		};
		F9A562302CB71CCC00634C7A /* Theme */ = {
			isa = PBXGroup;
			children = (
				F9A9E06B2CDFC24F003DB166 /* Styles */,
				F9A562312CB71CDC00634C7A /* Typography.swift */,
			);
			path = Theme;
			sourceTree = "<group>";
		};
		F9A562332CB72E3100634C7A /* Strings */ = {
			isa = PBXGroup;
			children = (
				F9A562382CB72E6E00634C7A /* Localizable.strings */,
			);
			path = Strings;
			sourceTree = "<group>";
		};
		F9A5623C2CBA8D1000634C7A /* Screens */ = {
			isa = PBXGroup;
			children = (
				F9A5623F2CBA8D6400634C7A /* Splash */,
				F96982FE2CF5201100CC3C55 /* Login */,
				F953B24B2CC8274B0058C2BD /* OnBoarding */,
				F9F306152D42AC5E00E41995 /* Home */,
				F9F306302D47D67600E41995 /* Event */,
				F9F3061E2D437E8300E41995 /* CreateEvent */,
			);
			path = Screens;
			sourceTree = "<group>";
		};
		F9A5623F2CBA8D6400634C7A /* Splash */ = {
			isa = PBXGroup;
			children = (
				F9A5623D2CBA8D5A00634C7A /* SplashScreen.swift */,
				F9A562432CBABA4200634C7A /* SplashViewModel.swift */,
			);
			path = Splash;
			sourceTree = "<group>";
		};
		F9A562502CBB9DDD00634C7A /* CaptureVueAppClip */ = {
			isa = PBXGroup;
			children = (
				F9A562512CBB9DDD00634C7A /* CaptureVueAppClipApp.swift */,
				F9A562532CBB9DDD00634C7A /* ContentView.swift */,
				F9A562552CBB9DDF00634C7A /* Assets.xcassets */,
				F9A5625A2CBB9DDF00634C7A /* Info.plist */,
				F9A5625B2CBB9DDF00634C7A /* CaptureVueAppClip.entitlements */,
				F9A562572CBB9DDF00634C7A /* Preview Content */,
			);
			path = CaptureVueAppClip;
			sourceTree = "<group>";
		};
		F9A562572CBB9DDF00634C7A /* Preview Content */ = {
			isa = PBXGroup;
			children = (
				F9A562582CBB9DDF00634C7A /* Preview Assets.xcassets */,
			);
			path = "Preview Content";
			sourceTree = "<group>";
		};
		F9A9E0682CDFC211003DB166 /* Extensions */ = {
			isa = PBXGroup;
			children = (
				F99773B92D6919B900D14332 /* DoubleExtensions.swift */,
				F9A9E06F2CE0A684003DB166 /* Keyboard.swift */,
				F9A9E0692CDFC224003DB166 /* ViewExtensions.swift */,
				F9A9E08A2CE6703A003DB166 /* StretchyHeaderViewModifier.swift */,
				F9A9E08C2CE67432003DB166 /* DateExtensions.swift */,
				F9A9E0992CE8A21C003DB166 /* DeveloperPreview.swift */,
				F99773702D5BE4E600D14332 /* LocalNotificationManager.swift */,
				F99773E82D6E616E00D14332 /* IntExtensions.swift */,
				F942636A2D77862E00A55A15 /* HttpUrlResponseExtensions.swift */,
			);
			path = Extensions;
			sourceTree = "<group>";
		};
		F9A9E06B2CDFC24F003DB166 /* Styles */ = {
			isa = PBXGroup;
			children = (
				F9A9E06C2CDFC259003DB166 /* Buttons */,
			);
			path = Styles;
			sourceTree = "<group>";
		};
		F9A9E06C2CDFC259003DB166 /* Buttons */ = {
			isa = PBXGroup;
			children = (
			);
			path = Buttons;
			sourceTree = "<group>";
		};
		F9A9E0732CE2AF39003DB166 /* Models */ = {
			isa = PBXGroup;
			children = (
				F99773AE2D6871D900D14332 /* UploadServiceData */,
				F99773AD2D686DC000D14332 /* AwsDirectUploadUrl */,
				F99773DA2D6A8E5D00D14332 /* CreateEvent */,
				F99773A92D686C5700D14332 /* Login */,
				F99773A62D686BE900D14332 /* CaptureVueError */,
				F997738B2D67B1BA00D14332 /* Home */,
				F997722C2D54903400D14332 /* Customer */,
				F997722B2D54901F00D14332 /* Gallery */,
				F997722A2D54901800D14332 /* Story */,
				F99772272D54074B00D14332 /* ValidateEvent */,
				F99772262D54074300D14332 /* Event */,
			);
			path = Models;
			sourceTree = "<group>";
		};
		F9A9E0832CE5638E003DB166 /* Images */ = {
			isa = PBXGroup;
			children = (
				F9A9E0842CE563AA003DB166 /* ImageLoader.swift */,
				F9A9E0862CE564F1003DB166 /* ImagePrefetcher.swift */,
				F9A9E0A92CEF8C7F003DB166 /* GalleryItemView.swift */,
			);
			path = Images;
			sourceTree = "<group>";
		};
		F9F3060F2D41A14900E41995 /* Keychain */ = {
			isa = PBXGroup;
			children = (
				F9F306102D41A15100E41995 /* KeychainManager.swift */,
			);
			path = Keychain;
			sourceTree = "<group>";
		};
		F9F306152D42AC5E00E41995 /* Home */ = {
			isa = PBXGroup;
			children = (
				F9F306162D42AC7300E41995 /* HomeScreen.swift */,
				F9F306182D42AE0C00E41995 /* HomeViewModel.swift */,
				F9F3061C2D42CABD00E41995 /* EventsDto.swift */,
			);
			path = Home;
			sourceTree = "<group>";
		};
		F9F3061E2D437E8300E41995 /* CreateEvent */ = {
			isa = PBXGroup;
			children = (
				F9F306222D44FC8000E41995 /* CreateEventScreen.swift */,
				F9F306232D44FC8000E41995 /* CreateEventViewModel.swift */,
				F9F306242D44FC8000E41995 /* CreateEventInteractor.swift */,
			);
			path = CreateEvent;
			sourceTree = "<group>";
		};
		F9F3062D2D46F50500E41995 /* Mux SDK */ = {
			isa = PBXGroup;
			children = (
				F9F3062E2D46F54500E41995 /* MuxUploadSdk.swift */,
			);
			path = "Mux SDK";
			sourceTree = "<group>";
		};
		F9F306302D47D67600E41995 /* Event */ = {
			isa = PBXGroup;
			children = (
				F9A9E07D2CE52E10003DB166 /* EventScreen.swift */,
				F9A9E07F2CE52E22003DB166 /* EventViewModel.swift */,
				F96982F62CF352ED00CC3C55 /* Gallery */,
				F96982F12CF31B4500CC3C55 /* Stories */,
			);
			path = Event;
			sourceTree = "<group>";
		};
/* End PBXGroup section */

/* Begin PBXNativeTarget section */
		F9A561E12CB5BD5E00634C7A /* CaptureVue */ = {
			isa = PBXNativeTarget;
			buildConfigurationList = F9A561F02CB5BD6000634C7A /* Build configuration list for PBXNativeTarget "CaptureVue" */;
			buildPhases = (
				29EFF281DE73DC741EFFF045 /* [CP] Check Pods Manifest.lock */,
				F9A561F62CB5D49F00634C7A /* SwiftGen */,
				F9A561DE2CB5BD5E00634C7A /* Sources */,
				F9A561DF2CB5BD5E00634C7A /* Frameworks */,
				F9A561E02CB5BD5E00634C7A /* Resources */,
				F9A562622CBB9DDF00634C7A /* Embed App Clips */,
				F966BA622CBD9095000863F2 /* Upload dSYMs to Firebase Crashlytics */,
			);
			buildRules = (
			);
			dependencies = (
			);
			name = CaptureVue;
			packageProductDependencies = (
				F9A561F42CB5C34E00634C7A /* SwiftfulRouting */,
				F966BA642CBD91B6000863F2 /* FirebaseAnalytics */,
				F966BA662CBD91B6000863F2 /* FirebaseCrashlytics */,
				F96A6D4D2CC1B9A3001C1E85 /* Kingfisher */,
				F9F306132D42912F00E41995 /* KeychainSwift */,
				F9F3062B2D46E85300E41995 /* MuxUploadSDK */,
			);
			productName = CaptureVue;
			productReference = F9A561E22CB5BD5E00634C7A /* CaptureVue.app */;
			productType = "com.apple.product-type.application";
		};
/* End PBXNativeTarget section */

/* Begin PBXProject section */
		F9A561DA2CB5BD5E00634C7A /* Project object */ = {
			isa = PBXProject;
			attributes = {
				BuildIndependentTargetsInParallel = 1;
				LastSwiftUpdateCheck = 1500;
				LastUpgradeCheck = 1600;
				TargetAttributes = {
					F9A561E12CB5BD5E00634C7A = {
						CreatedOnToolsVersion = 15.0;
					};
				};
			};
			buildConfigurationList = F9A561DD2CB5BD5E00634C7A /* Build configuration list for PBXProject "CaptureVue" */;
			compatibilityVersion = "Xcode 14.0";
			developmentRegion = en;
			hasScannedForEncodings = 0;
			knownRegions = (
				en,
				Base,
				el,
			);
			mainGroup = F9A561D92CB5BD5E00634C7A;
			packageReferences = (
				F9A561F32CB5C34E00634C7A /* XCRemoteSwiftPackageReference "SwiftfulRouting" */,
				F966BA632CBD91B6000863F2 /* XCRemoteSwiftPackageReference "firebase-ios-sdk" */,
				F96A6D4C2CC1B9A3001C1E85 /* XCRemoteSwiftPackageReference "Kingfisher" */,
				F9F306122D42912F00E41995 /* XCRemoteSwiftPackageReference "keychain-swift" */,
				F9F3062A2D46E85300E41995 /* XCRemoteSwiftPackageReference "swift-upload-sdk" */,
			);
			productRefGroup = F9A561E32CB5BD5E00634C7A /* Products */;
			projectDirPath = "";
			projectRoot = "";
			targets = (
				F9A561E12CB5BD5E00634C7A /* CaptureVue */,
			);
		};
/* End PBXProject section */

/* Begin PBXResourcesBuildPhase section */
		F9A561E02CB5BD5E00634C7A /* Resources */ = {
			isa = PBXResourcesBuildPhase;
			buildActionMask = 2147483647;
			files = (
				F9A562192CB716C300634C7A /* Ubuntu-Regular.ttf in Resources */,
				F9A5622A2CB71ADC00634C7A /* swiftgen.yml in Resources */,
				F9995E8E2CBC4DB100909E85 /* GoogleService-Info.plist in Resources */,
				F9A561ED2CB5BD6000634C7A /* Preview Assets.xcassets in Resources */,
				F9A5621C2CB716CB00634C7A /* Ubuntu-Bold.ttf in Resources */,
				F9A5621B2CB716C800634C7A /* Ubuntu-Light.ttf in Resources */,
				F9A562362CB72E6E00634C7A /* Localizable.strings in Resources */,
				F9A5621A2CB716C500634C7A /* Ubuntu-Medium.ttf in Resources */,
				F9A561EA2CB5BD6000634C7A /* Assets.xcassets in Resources */,
			);
			runOnlyForDeploymentPostprocessing = 0;
		};
/* End PBXResourcesBuildPhase section */

/* Begin PBXShellScriptBuildPhase section */
		29EFF281DE73DC741EFFF045 /* [CP] Check Pods Manifest.lock */ = {
			isa = PBXShellScriptBuildPhase;
			buildActionMask = 2147483647;
			files = (
			);
			inputFileListPaths = (
			);
			inputPaths = (
				"${PODS_PODFILE_DIR_PATH}/Podfile.lock",
				"${PODS_ROOT}/Manifest.lock",
			);
			name = "[CP] Check Pods Manifest.lock";
			outputFileListPaths = (
			);
			outputPaths = (
				"$(DERIVED_FILE_DIR)/Pods-SharedPods-CaptureVue-checkManifestLockResult.txt",
			);
			runOnlyForDeploymentPostprocessing = 0;
			shellPath = /bin/sh;
			shellScript = "diff \"${PODS_PODFILE_DIR_PATH}/Podfile.lock\" \"${PODS_ROOT}/Manifest.lock\" > /dev/null\nif [ $? != 0 ] ; then\n    # print error to STDERR\n    echo \"error: The sandbox is not in sync with the Podfile.lock. Run 'pod install' or update your CocoaPods installation.\" >&2\n    exit 1\nfi\n# This output is used by Xcode 'outputs' to avoid re-running this script phase.\necho \"SUCCESS\" > \"${SCRIPT_OUTPUT_FILE_0}\"\n";
			showEnvVarsInLog = 0;
		};
		F966BA622CBD9095000863F2 /* Upload dSYMs to Firebase Crashlytics */ = {
			isa = PBXShellScriptBuildPhase;
			alwaysOutOfDate = 1;
			buildActionMask = 2147483647;
			files = (
			);
			inputFileListPaths = (
			);
			inputPaths = (
				"${DWARF_DSYM_FOLDER_PATH}/${DWARF_DSYM_FILE_NAME}",
				"${DWARF_DSYM_FOLDER_PATH}/${DWARF_DSYM_FILE_NAME}/Contents/Resources/DWARF/${PRODUCT_NAME}",
				"${DWARF_DSYM_FOLDER_PATH}/${DWARF_DSYM_FILE_NAME}/Contents/Info.plist",
				"$(TARGET_BUILD_DIR)/$(UNLOCALIZED_RESOURCES_FOLDER_PATH)/GoogleService-Info.plist",
				"$(TARGET_BUILD_DIR)/$(EXECUTABLE_PATH)",
			);
			name = "Upload dSYMs to Firebase Crashlytics";
			outputFileListPaths = (
			);
			outputPaths = (
			);
			runOnlyForDeploymentPostprocessing = 0;
			shellPath = /bin/sh;
			shellScript = "# Type a script or drag a script file from your workspace to insert its path.\n\"${BUILD_DIR%/Build/*}/SourcePackages/checkouts/firebase-ios-sdk/Crashlytics/run\"\n";
		};
		F9A561F62CB5D49F00634C7A /* SwiftGen */ = {
			isa = PBXShellScriptBuildPhase;
			alwaysOutOfDate = 1;
			buildActionMask = 12;
			files = (
			);
			inputFileListPaths = (
			);
			inputPaths = (
				"${PODS_ROOT}/SwiftGen/bin",
				"$(PROJECT_DIR)/swiftgen.yml",
				"$(PROJECT_DIR)/$TARGET_NAME/Assets.xcassets",
				"$(PROJECT_DIR)/$TARGET_NAME/Fonts",
				"$(PROJECT_DIR)/$TARGET_NAME/Strings",
			);
			name = SwiftGen;
			outputFileListPaths = (
			);
			outputPaths = (
				"$(PROJECT_DIR)/Generated/Assets.swift",
				"$(PROJECT_DIR)/Generated/Fonts.swift",
				"$(PROJECT_DIR)/Generated/Strings.swift",
			);
			runOnlyForDeploymentPostprocessing = 0;
			shellPath = /bin/sh;
			shellScript = "# Type a script or drag a script file from your workspace to insert its path.\nif [[ -f \"${PODS_ROOT}/SwiftGen/bin/swiftgen\" ]]; then\n  echo $PROJECT_DIR\n  mkdir -p Generated\n  touch Generated/Assets.swift\n  touch Generated/Fonts.swift\n  touch Generated/Strings.swift\n  \"${PODS_ROOT}/SwiftGen/bin/swiftgen\" config run --config \"${PROJECT_DIR}/swiftgen.yml\"\n  echo \"PODS_ROOT: $PODS_ROOT\"\n  echo \"PROJECT_DIR: $PROJECT_DIR\"\n  echo \"SRCROOT: $SRCROOT\"\n  \nelse\n  echo \"warning: SwiftGen is not installed. Run 'pod install --repo-update' to install it.\"\nfi\n\n";
		};
/* End PBXShellScriptBuildPhase section */

/* Begin PBXSourcesBuildPhase section */
		F9A561DE2CB5BD5E00634C7A /* Sources */ = {
			isa = PBXSourcesBuildPhase;
			buildActionMask = 2147483647;
			files = (
				F9A562322CB71CDC00634C7A /* Typography.swift in Sources */,
				F94263712D7F609800A55A15 /* CaptureCameraManager.swift in Sources */,
				F953B24F2CC8280C0058C2BD /* OnBoardingViewModel.swift in Sources */,
				F99772362D54918A00D14332 /* GalleryItem.swift in Sources */,
				F9A5622F2CB71B0500634C7A /* Fonts.swift in Sources */,
				F99773E52D6E28FB00D14332 /* GetAwsDirectUploadUrlUseCase.swift in Sources */,
				F99772302D54912F00D14332 /* Event.swift in Sources */,
				F99773CD2D69BC3C00D14332 /* CreateEventResponse.swift in Sources */,
				F96982F32CF31B4E00CC3C55 /* StoryThumbnailView.swift in Sources */,
				F99773F62D6F6D4200D14332 /* DeleteTempFileUseCase.swift in Sources */,
				F96982FC2CF3537B00CC3C55 /* GalleryView.swift in Sources */,
				F99773B82D69196700D14332 /* SectionItem.swift in Sources */,
				F997722E2D5490ED00D14332 /* ValidateEvent.swift in Sources */,
				F997738A2D67B08500D14332 /* HomeResponseDto.swift in Sources */,
				F99773BE2D691A2C00D14332 /* LeadingSectionIcon.swift in Sources */,
				F997736F2D56664C00D14332 /* TemporaryHoldStructs.swift in Sources */,
				F99773962D67D73C00D14332 /* ValidateEventUseCase.swift in Sources */,
				F9E699322D81C6B900B4A1E1 /* testtest.swift in Sources */,
				F96983022CF5207C00CC3C55 /* LoginViewModel.swift in Sources */,
				F99773E92D6E616E00D14332 /* IntExtensions.swift in Sources */,
				F9F306252D44FC8000E41995 /* CreateEventInteractor.swift in Sources */,
				F9F306262D44FC8000E41995 /* CreateEventViewModel.swift in Sources */,
				F9F306272D44FC8000E41995 /* CreateEventScreen.swift in Sources */,
				F99773822D6798A900D14332 /* CustomerRepositoryContract.swift in Sources */,
				F9E699302D818CAA00B4A1E1 /* CameraCaptureButton.swift in Sources */,
				F99772322D54915500D14332 /* StoryItem.swift in Sources */,
				F99773F42D6F5F1900D14332 /* GetPendingUploadFileUSeCase.swift in Sources */,
				F9A9E0852CE563AA003DB166 /* ImageLoader.swift in Sources */,
				F927D19E2CF1F37000EB7650 /* CacheManager.swift in Sources */,
				F927D19B2CF1B01500EB7650 /* VideoPlayerManager.swift in Sources */,
				F9A9E08D2CE67432003DB166 /* DateExtensions.swift in Sources */,
				F99773942D67D6C000D14332 /* EventRepositoryContract.swift in Sources */,
				F997738D2D67B1C500D14332 /* HomeResponse.swift in Sources */,
				F99773D12D6A719E00D14332 /* CreateEventUseCase.swift in Sources */,
				F9F306202D437E9C00E41995 /* CreateEventRequest.swift in Sources */,
				F997739A2D67DEDB00D14332 /* FetchEventUseCase.swift in Sources */,
				F9A5623E2CBA8D5A00634C7A /* SplashScreen.swift in Sources */,
				F9F3061D2D42CABD00E41995 /* EventsDto.swift in Sources */,
				F997736D2D565A9800D14332 /* TaskManager.swift in Sources */,
				F9F306292D4651A500E41995 /* CreateEventResponseDto.swift in Sources */,
				F96982F52CF31CA800CC3C55 /* StoryView.swift in Sources */,
				F9A9E0772CE2B273003DB166 /* ValidateEventDto.swift in Sources */,
				F99773EB2D6E635700D14332 /* UploadAwsFileUseCase.swift in Sources */,
				F9A9E0722CE0C9F7003DB166 /* QRCodeScannerScreen.swift in Sources */,
				F9A9E08B2CE6703A003DB166 /* StretchyHeaderViewModifier.swift in Sources */,
				F953B2692CD6047D0058C2BD /* QRCodeIcon.swift in Sources */,
				F99773BA2D6919B900D14332 /* DoubleExtensions.swift in Sources */,
				F997737F2D67967100D14332 /* FetchCustomerHomeUseCase.swift in Sources */,
				F9A9E07E2CE52E10003DB166 /* EventScreen.swift in Sources */,
				F99773C12D6929EC00D14332 /* AuthRepositoryContract.swift in Sources */,
				F9A562442CBABA4200634C7A /* SplashViewModel.swift in Sources */,
				F99773902D67D65000D14332 /* EventApi.swift in Sources */,
				F99773AC2D686D6000D14332 /* AwsDirectUploadUrl.swift in Sources */,
				F997723C2D5491DE00D14332 /* CustomerDto.swift in Sources */,
				F99773DD2D6A8EF500D14332 /* FileManager.swift in Sources */,
				F99773E12D6E266400D14332 /* PrepareUploadData.swift in Sources */,
				F99773B32D68CE0300D14332 /* BaseViewModel.swift in Sources */,
				F9F3062F2D46F54500E41995 /* MuxUploadSdk.swift in Sources */,
				F99773752D66309800D14332 /* LoginResponse.swift in Sources */,
				F9A9E0752CE2AF77003DB166 /* EventDto.swift in Sources */,
				F99772252D4CCFEE00D14332 /* SwipeBackGestures.swift in Sources */,
				F9A9E0872CE564F1003DB166 /* ImagePrefetcher.swift in Sources */,
				F997723E2D553E8900D14332 /* AwsDirectUploadUrlDto.swift in Sources */,
				F9A9E0802CE52E22003DB166 /* EventViewModel.swift in Sources */,
				F99773712D5BE4E600D14332 /* LocalNotificationManager.swift in Sources */,
				F942636B2D77862E00A55A15 /* HttpUrlResponseExtensions.swift in Sources */,
				F99773882D67991B00D14332 /* CustomerRepositoryMock.swift in Sources */,
				F99773982D67D75C00D14332 /* EventRepositoryMock.swift in Sources */,
				F9F3060C2D3FF3C400E41995 /* LoginResponseDto.swift in Sources */,
				F96982FA2CF3530D00CC3C55 /* GalleryListView.swift in Sources */,
				F99773B52D68CE1F00D14332 /* BaseViewModelExtension.swift in Sources */,
				F9A5624A2CBABD1900634C7A /* NetworkClient.swift in Sources */,
				F9F306112D41A15100E41995 /* KeychainManager.swift in Sources */,
				F953B2652CD2E9E00058C2BD /* QRCameraManager.swift in Sources */,
				F942636D2D7F53E300A55A15 /* CameraView.swift in Sources */,
				F99773ED2D6E8A4B00D14332 /* NotifyNewAssetUseCase.swift in Sources */,
				F9A9E06A2CDFC224003DB166 /* ViewExtensions.swift in Sources */,
				F99773A12D6868E100D14332 /* GalleryApi.swift in Sources */,
				F99773A32D6868E100D14332 /* GalleryRepository.swift in Sources */,
				F99773A42D6868E100D14332 /* GalleryRepositoryContract.swift in Sources */,
				F99773A52D6868E100D14332 /* GalleryRepositoryMock.swift in Sources */,
				F99772342D54917200D14332 /* StoryItemDto.swift in Sources */,
				F99773F02D6F2B4300D14332 /* AssetUploadHelper.swift in Sources */,
				F99773D92D6A7F2D00D14332 /* CopyTempFileUseCase.swift in Sources */,
				F99773CF2D69D16700D14332 /* MultipartRequest.swift in Sources */,
				F9F306192D42AE0C00E41995 /* HomeViewModel.swift in Sources */,
				F9503ACC2CD821CA00DDD4F0 /* SystemProperties.swift in Sources */,
				F953B2632CD2A3BD0058C2BD /* QRCameraView.swift in Sources */,
				F99773B02D6871ED00D14332 /* UploadServiceData.swift in Sources */,
				F9F306172D42AC7300E41995 /* HomeScreen.swift in Sources */,
				F96983062CF63E5A00CC3C55 /* VideoPlayerView.swift in Sources */,
				F96983002CF5203500CC3C55 /* LoginScreen.swift in Sources */,
				F953B2672CD3CDE20058C2BD /* PermissionAlertStatus.swift in Sources */,
				F99772382D5491AB00D14332 /* GalleryItemDto.swift in Sources */,
				F99773862D6798D600D14332 /* CustomerApi.swift in Sources */,
				F9A9E09A2CE8A21C003DB166 /* DeveloperPreview.swift in Sources */,
				F99773BC2D6919EA00D14332 /* ClickSectionAction.swift in Sources */,
				F94263692D76424900A55A15 /* SwipeBackModifier.swift in Sources */,
				F942636F2D7F543500A55A15 /* CameraTestView.swift in Sources */,
				F9A9E07B2CE2B4AF003DB166 /* CaptureVueResponseRaw.swift in Sources */,
				F9A561E62CB5BD5E00634C7A /* CaptureVueApp.swift in Sources */,
				F99773C72D692A2100D14332 /* AuthApi.swift in Sources */,
				F9A9E0702CE0A684003DB166 /* Keyboard.swift in Sources */,
				F9F3060E2D417EE400E41995 /* Credentials.swift in Sources */,
				F9A9E0AA2CEF8C7F003DB166 /* GalleryItemView.swift in Sources */,
				F980ED0E2D71F5A7003D8CAC /* UploadThumbnailUseCase.swift in Sources */,
				F99773C52D692A0E00D14332 /* AuthRepository.swift in Sources */,
				F99773A82D686C0300D14332 /* CaptureVueError.swift in Sources */,
				F9A5623B2CB72F4F00634C7A /* Strings.swift in Sources */,
				F997723A2D5491BD00D14332 /* Customer.swift in Sources */,
				F99773C92D692A3200D14332 /* CredentialsLoginUseCase.swift in Sources */,
				F9A9E06E2CDFC584003DB166 /* Banner.swift in Sources */,
				F99773922D67D6A800D14332 /* EventRepository.swift in Sources */,
				F99773F82D71BFCA00D14332 /* GetThumbnailFromVideoUseCase.swift in Sources */,
				F99773CB2D692A5800D14332 /* AuthRepositoryMock.swift in Sources */,
				F99773782D6630D800D14332 /* LoginRequestBody.swift in Sources */,
				F99773F22D6F4FA400D14332 /* PrepareUploadFileUseCase.swift in Sources */,
				F99773842D6798C100D14332 /* CustomerRepository.swift in Sources */,
				F9A5622E2CB71B0500634C7A /* Assets.swift in Sources */,
				F953B24D2CC827780058C2BD /* OnBoardingScreen.swift in Sources */,
			);
			runOnlyForDeploymentPostprocessing = 0;
		};
/* End PBXSourcesBuildPhase section */

/* Begin PBXVariantGroup section */
		F9A562382CB72E6E00634C7A /* Localizable.strings */ = {
			isa = PBXVariantGroup;
			children = (
				F9A562372CB72E6E00634C7A /* en */,
				F9A562392CB72E7200634C7A /* el */,
			);
			name = Localizable.strings;
			sourceTree = "<group>";
		};
/* End PBXVariantGroup section */

/* Begin XCBuildConfiguration section */
		F9A561EE2CB5BD6000634C7A /* Debug */ = {
			isa = XCBuildConfiguration;
			buildSettings = {
				ALWAYS_SEARCH_USER_PATHS = NO;
				ASSETCATALOG_COMPILER_GENERATE_SWIFT_ASSET_SYMBOL_EXTENSIONS = YES;
				CLANG_ANALYZER_LOCALIZABILITY_NONLOCALIZED = YES;
				CLANG_ANALYZER_NONNULL = YES;
				CLANG_ANALYZER_NUMBER_OBJECT_CONVERSION = YES_AGGRESSIVE;
				CLANG_CXX_LANGUAGE_STANDARD = "gnu++20";
				CLANG_ENABLE_MODULES = YES;
				CLANG_ENABLE_OBJC_ARC = YES;
				CLANG_ENABLE_OBJC_WEAK = YES;
				CLANG_WARN_BLOCK_CAPTURE_AUTORELEASING = YES;
				CLANG_WARN_BOOL_CONVERSION = YES;
				CLANG_WARN_COMMA = YES;
				CLANG_WARN_CONSTANT_CONVERSION = YES;
				CLANG_WARN_DEPRECATED_OBJC_IMPLEMENTATIONS = YES;
				CLANG_WARN_DIRECT_OBJC_ISA_USAGE = YES_ERROR;
				CLANG_WARN_DOCUMENTATION_COMMENTS = YES;
				CLANG_WARN_EMPTY_BODY = YES;
				CLANG_WARN_ENUM_CONVERSION = YES;
				CLANG_WARN_INFINITE_RECURSION = YES;
				CLANG_WARN_INT_CONVERSION = YES;
				CLANG_WARN_NON_LITERAL_NULL_CONVERSION = YES;
				CLANG_WARN_OBJC_IMPLICIT_RETAIN_SELF = YES;
				CLANG_WARN_OBJC_LITERAL_CONVERSION = YES;
				CLANG_WARN_OBJC_ROOT_CLASS = YES_ERROR;
				CLANG_WARN_QUOTED_INCLUDE_IN_FRAMEWORK_HEADER = YES;
				CLANG_WARN_RANGE_LOOP_ANALYSIS = YES;
				CLANG_WARN_STRICT_PROTOTYPES = YES;
				CLANG_WARN_SUSPICIOUS_MOVE = YES;
				CLANG_WARN_UNGUARDED_AVAILABILITY = YES_AGGRESSIVE;
				CLANG_WARN_UNREACHABLE_CODE = YES;
				CLANG_WARN__DUPLICATE_METHOD_MATCH = YES;
				COPY_PHASE_STRIP = NO;
				DEBUG_INFORMATION_FORMAT = dwarf;
				ENABLE_STRICT_OBJC_MSGSEND = YES;
				ENABLE_TESTABILITY = YES;
				ENABLE_USER_SCRIPT_SANDBOXING = NO;
				GCC_C_LANGUAGE_STANDARD = gnu17;
				GCC_DYNAMIC_NO_PIC = NO;
				GCC_NO_COMMON_BLOCKS = YES;
				GCC_OPTIMIZATION_LEVEL = 0;
				GCC_PREPROCESSOR_DEFINITIONS = (
					"DEBUG=1",
					"$(inherited)",
				);
				GCC_WARN_64_TO_32_BIT_CONVERSION = YES;
				GCC_WARN_ABOUT_RETURN_TYPE = YES_ERROR;
				GCC_WARN_UNDECLARED_SELECTOR = YES;
				GCC_WARN_UNINITIALIZED_AUTOS = YES_AGGRESSIVE;
				GCC_WARN_UNUSED_FUNCTION = YES;
				GCC_WARN_UNUSED_VARIABLE = YES;
				IPHONEOS_DEPLOYMENT_TARGET = 15.1;
				LOCALIZATION_PREFERS_STRING_CATALOGS = YES;
				MTL_ENABLE_DEBUG_INFO = INCLUDE_SOURCE;
				MTL_FAST_MATH = YES;
				ONLY_ACTIVE_ARCH = YES;
				SDKROOT = iphoneos;
				SWIFT_ACTIVE_COMPILATION_CONDITIONS = "DEBUG $(inherited)";
				SWIFT_OPTIMIZATION_LEVEL = "-Onone";
			};
			name = Debug;
		};
		F9A561EF2CB5BD6000634C7A /* Release */ = {
			isa = XCBuildConfiguration;
			buildSettings = {
				ALWAYS_SEARCH_USER_PATHS = NO;
				ASSETCATALOG_COMPILER_GENERATE_SWIFT_ASSET_SYMBOL_EXTENSIONS = YES;
				CLANG_ANALYZER_LOCALIZABILITY_NONLOCALIZED = YES;
				CLANG_ANALYZER_NONNULL = YES;
				CLANG_ANALYZER_NUMBER_OBJECT_CONVERSION = YES_AGGRESSIVE;
				CLANG_CXX_LANGUAGE_STANDARD = "gnu++20";
				CLANG_ENABLE_MODULES = YES;
				CLANG_ENABLE_OBJC_ARC = YES;
				CLANG_ENABLE_OBJC_WEAK = YES;
				CLANG_WARN_BLOCK_CAPTURE_AUTORELEASING = YES;
				CLANG_WARN_BOOL_CONVERSION = YES;
				CLANG_WARN_COMMA = YES;
				CLANG_WARN_CONSTANT_CONVERSION = YES;
				CLANG_WARN_DEPRECATED_OBJC_IMPLEMENTATIONS = YES;
				CLANG_WARN_DIRECT_OBJC_ISA_USAGE = YES_ERROR;
				CLANG_WARN_DOCUMENTATION_COMMENTS = YES;
				CLANG_WARN_EMPTY_BODY = YES;
				CLANG_WARN_ENUM_CONVERSION = YES;
				CLANG_WARN_INFINITE_RECURSION = YES;
				CLANG_WARN_INT_CONVERSION = YES;
				CLANG_WARN_NON_LITERAL_NULL_CONVERSION = YES;
				CLANG_WARN_OBJC_IMPLICIT_RETAIN_SELF = YES;
				CLANG_WARN_OBJC_LITERAL_CONVERSION = YES;
				CLANG_WARN_OBJC_ROOT_CLASS = YES_ERROR;
				CLANG_WARN_QUOTED_INCLUDE_IN_FRAMEWORK_HEADER = YES;
				CLANG_WARN_RANGE_LOOP_ANALYSIS = YES;
				CLANG_WARN_STRICT_PROTOTYPES = YES;
				CLANG_WARN_SUSPICIOUS_MOVE = YES;
				CLANG_WARN_UNGUARDED_AVAILABILITY = YES_AGGRESSIVE;
				CLANG_WARN_UNREACHABLE_CODE = YES;
				CLANG_WARN__DUPLICATE_METHOD_MATCH = YES;
				COPY_PHASE_STRIP = NO;
				DEBUG_INFORMATION_FORMAT = "dwarf-with-dsym";
				ENABLE_NS_ASSERTIONS = NO;
				ENABLE_STRICT_OBJC_MSGSEND = YES;
				ENABLE_USER_SCRIPT_SANDBOXING = NO;
				GCC_C_LANGUAGE_STANDARD = gnu17;
				GCC_NO_COMMON_BLOCKS = YES;
				GCC_WARN_64_TO_32_BIT_CONVERSION = YES;
				GCC_WARN_ABOUT_RETURN_TYPE = YES_ERROR;
				GCC_WARN_UNDECLARED_SELECTOR = YES;
				GCC_WARN_UNINITIALIZED_AUTOS = YES_AGGRESSIVE;
				GCC_WARN_UNUSED_FUNCTION = YES;
				GCC_WARN_UNUSED_VARIABLE = YES;
				IPHONEOS_DEPLOYMENT_TARGET = 15.1;
				LOCALIZATION_PREFERS_STRING_CATALOGS = YES;
				MTL_ENABLE_DEBUG_INFO = NO;
				MTL_FAST_MATH = YES;
				SDKROOT = iphoneos;
				SWIFT_COMPILATION_MODE = wholemodule;
				VALIDATE_PRODUCT = YES;
			};
			name = Release;
		};
		F9A561F12CB5BD6000634C7A /* Debug */ = {
			isa = XCBuildConfiguration;
			baseConfigurationReference = AE57C1641ABBD722CCDD3C4B /* Pods-SharedPods-CaptureVue.debug.xcconfig */;
			buildSettings = {
				ASSETCATALOG_COMPILER_APPICON_NAME = AppIcon;
				ASSETCATALOG_COMPILER_GLOBAL_ACCENT_COLOR_NAME = AccentColor;
				CODE_SIGN_STYLE = Automatic;
				CURRENT_PROJECT_VERSION = 1;
				DEBUG_INFORMATION_FORMAT = "dwarf-with-dsym";
				DEVELOPMENT_ASSET_PATHS = "\"CaptureVue/Preview Content\"";
				DEVELOPMENT_TEAM = HTZN6N8NQA;
				ENABLE_PREVIEWS = YES;
				ENABLE_USER_SCRIPT_SANDBOXING = YES;
				GENERATE_INFOPLIST_FILE = YES;
				INFOPLIST_FILE = CaptureVue/Info.plist;
				INFOPLIST_KEY_UIApplicationSceneManifest_Generation = YES;
				INFOPLIST_KEY_UIApplicationSupportsIndirectInputEvents = YES;
				INFOPLIST_KEY_UILaunchScreen_Generation = YES;
				INFOPLIST_KEY_UISupportedInterfaceOrientations_iPad = "UIInterfaceOrientationPortrait UIInterfaceOrientationPortraitUpsideDown UIInterfaceOrientationLandscapeLeft UIInterfaceOrientationLandscapeRight";
				INFOPLIST_KEY_UISupportedInterfaceOrientations_iPhone = "UIInterfaceOrientationPortrait UIInterfaceOrientationLandscapeLeft UIInterfaceOrientationLandscapeRight";
				IPHONEOS_DEPLOYMENT_TARGET = 17.0;
				LD_RUNPATH_SEARCH_PATHS = (
					"$(inherited)",
					"@executable_path/Frameworks",
				);
				MARKETING_VERSION = 1.0;
				OTHER_LDFLAGS = "-ObjC";
				PRODUCT_BUNDLE_IDENTIFIER = gr.stackmak.CaptureVue;
				PRODUCT_NAME = "$(TARGET_NAME)";
				SWIFT_EMIT_LOC_STRINGS = YES;
				SWIFT_VERSION = 5.0;
				TARGETED_DEVICE_FAMILY = "1,2";
			};
			name = Debug;
		};
		F9A561F22CB5BD6000634C7A /* Release */ = {
			isa = XCBuildConfiguration;
			baseConfigurationReference = 8AFD92558721D1028EB17997 /* Pods-SharedPods-CaptureVue.release.xcconfig */;
			buildSettings = {
				ASSETCATALOG_COMPILER_APPICON_NAME = AppIcon;
				ASSETCATALOG_COMPILER_GLOBAL_ACCENT_COLOR_NAME = AccentColor;
				CODE_SIGN_STYLE = Automatic;
				CURRENT_PROJECT_VERSION = 1;
				DEBUG_INFORMATION_FORMAT = "dwarf-with-dsym";
				DEVELOPMENT_ASSET_PATHS = "\"CaptureVue/Preview Content\"";
				DEVELOPMENT_TEAM = HTZN6N8NQA;
				ENABLE_PREVIEWS = YES;
				ENABLE_USER_SCRIPT_SANDBOXING = YES;
				GENERATE_INFOPLIST_FILE = YES;
				INFOPLIST_FILE = CaptureVue/Info.plist;
				INFOPLIST_KEY_UIApplicationSceneManifest_Generation = YES;
				INFOPLIST_KEY_UIApplicationSupportsIndirectInputEvents = YES;
				INFOPLIST_KEY_UILaunchScreen_Generation = YES;
				INFOPLIST_KEY_UISupportedInterfaceOrientations_iPad = "UIInterfaceOrientationPortrait UIInterfaceOrientationPortraitUpsideDown UIInterfaceOrientationLandscapeLeft UIInterfaceOrientationLandscapeRight";
				INFOPLIST_KEY_UISupportedInterfaceOrientations_iPhone = "UIInterfaceOrientationPortrait UIInterfaceOrientationLandscapeLeft UIInterfaceOrientationLandscapeRight";
				IPHONEOS_DEPLOYMENT_TARGET = 17.0;
				LD_RUNPATH_SEARCH_PATHS = (
					"$(inherited)",
					"@executable_path/Frameworks",
				);
				MARKETING_VERSION = 1.0;
				OTHER_LDFLAGS = "-ObjC";
				PRODUCT_BUNDLE_IDENTIFIER = gr.stackmak.CaptureVue;
				PRODUCT_NAME = "$(TARGET_NAME)";
				SWIFT_EMIT_LOC_STRINGS = YES;
				SWIFT_VERSION = 5.0;
				TARGETED_DEVICE_FAMILY = "1,2";
			};
			name = Release;
		};
/* End XCBuildConfiguration section */

/* Begin XCConfigurationList section */
		F9A561DD2CB5BD5E00634C7A /* Build configuration list for PBXProject "CaptureVue" */ = {
			isa = XCConfigurationList;
			buildConfigurations = (
				F9A561EE2CB5BD6000634C7A /* Debug */,
				F9A561EF2CB5BD6000634C7A /* Release */,
			);
			defaultConfigurationIsVisible = 0;
			defaultConfigurationName = Release;
		};
		F9A561F02CB5BD6000634C7A /* Build configuration list for PBXNativeTarget "CaptureVue" */ = {
			isa = XCConfigurationList;
			buildConfigurations = (
				F9A561F12CB5BD6000634C7A /* Debug */,
				F9A561F22CB5BD6000634C7A /* Release */,
			);
			defaultConfigurationIsVisible = 0;
			defaultConfigurationName = Release;
		};
/* End XCConfigurationList section */

/* Begin XCRemoteSwiftPackageReference section */
		F966BA632CBD91B6000863F2 /* XCRemoteSwiftPackageReference "firebase-ios-sdk" */ = {
			isa = XCRemoteSwiftPackageReference;
			repositoryURL = "https://github.com/firebase/firebase-ios-sdk.git";
			requirement = {
				kind = upToNextMajorVersion;
				minimumVersion = 11.3.0;
			};
		};
		F96A6D4C2CC1B9A3001C1E85 /* XCRemoteSwiftPackageReference "Kingfisher" */ = {
			isa = XCRemoteSwiftPackageReference;
			repositoryURL = "https://github.com/onevcat/Kingfisher.git";
			requirement = {
				kind = upToNextMajorVersion;
				minimumVersion = 8.1.0;
			};
		};
		F9A561F32CB5C34E00634C7A /* XCRemoteSwiftPackageReference "SwiftfulRouting" */ = {
			isa = XCRemoteSwiftPackageReference;
			repositoryURL = "https://github.com/SwiftfulThinking/SwiftfulRouting.git";
			requirement = {
				kind = upToNextMajorVersion;
				minimumVersion = 5.3.6;
			};
		};
		F9F306122D42912F00E41995 /* XCRemoteSwiftPackageReference "keychain-swift" */ = {
			isa = XCRemoteSwiftPackageReference;
			repositoryURL = "https://github.com/evgenyneu/keychain-swift.git";
			requirement = {
				kind = upToNextMajorVersion;
				minimumVersion = 24.0.0;
			};
		};
		F9F3062A2D46E85300E41995 /* XCRemoteSwiftPackageReference "swift-upload-sdk" */ = {
			isa = XCRemoteSwiftPackageReference;
			repositoryURL = "https://github.com/muxinc/swift-upload-sdk";
			requirement = {
				branch = main;
				kind = branch;
			};
		};
/* End XCRemoteSwiftPackageReference section */

/* Begin XCSwiftPackageProductDependency section */
		F966BA642CBD91B6000863F2 /* FirebaseAnalytics */ = {
			isa = XCSwiftPackageProductDependency;
			package = F966BA632CBD91B6000863F2 /* XCRemoteSwiftPackageReference "firebase-ios-sdk" */;
			productName = FirebaseAnalytics;
		};
		F966BA662CBD91B6000863F2 /* FirebaseCrashlytics */ = {
			isa = XCSwiftPackageProductDependency;
			package = F966BA632CBD91B6000863F2 /* XCRemoteSwiftPackageReference "firebase-ios-sdk" */;
			productName = FirebaseCrashlytics;
		};
		F96A6D4D2CC1B9A3001C1E85 /* Kingfisher */ = {
			isa = XCSwiftPackageProductDependency;
			package = F96A6D4C2CC1B9A3001C1E85 /* XCRemoteSwiftPackageReference "Kingfisher" */;
			productName = Kingfisher;
		};
		F9A561F42CB5C34E00634C7A /* SwiftfulRouting */ = {
			isa = XCSwiftPackageProductDependency;
			package = F9A561F32CB5C34E00634C7A /* XCRemoteSwiftPackageReference "SwiftfulRouting" */;
			productName = SwiftfulRouting;
		};
		F9F306132D42912F00E41995 /* KeychainSwift */ = {
			isa = XCSwiftPackageProductDependency;
			package = F9F306122D42912F00E41995 /* XCRemoteSwiftPackageReference "keychain-swift" */;
			productName = KeychainSwift;
		};
		F9F3062B2D46E85300E41995 /* MuxUploadSDK */ = {
			isa = XCSwiftPackageProductDependency;
			package = F9F3062A2D46E85300E41995 /* XCRemoteSwiftPackageReference "swift-upload-sdk" */;
			productName = MuxUploadSDK;
		};
/* End XCSwiftPackageProductDependency section */
	};
	rootObject = F9A561DA2CB5BD5E00634C7A /* Project object */;
}
